// !$*UTF8*$!
{
	archiveVersion = 1;
	classes = {
	};
	objectVersion = 46;
	objects = {

/* Begin PBXBuildFile section */
		320AF8492C47A4D819F7C451 /* QuartzCore.framework in Frameworks */ = {isa = PBXBuildFile; fileRef = 320AF8492C47A4D819F7C450 /* QuartzCore.framework */; };
		320B6C86F11D9990244A9731 /* Three20.bundle in Resources */ = {isa = PBXBuildFile; fileRef = 320B6C86F11D9990244A9730 /* Three20.bundle */; };
		E3142628157281AF00E7DC7A /* UIKit.framework in Frameworks */ = {isa = PBXBuildFile; fileRef = E3142627157281AF00E7DC7A /* UIKit.framework */; };
		E314262A157281AF00E7DC7A /* Foundation.framework in Frameworks */ = {isa = PBXBuildFile; fileRef = E3142629157281AF00E7DC7A /* Foundation.framework */; };
		E314262C157281AF00E7DC7A /* CoreGraphics.framework in Frameworks */ = {isa = PBXBuildFile; fileRef = E314262B157281AF00E7DC7A /* CoreGraphics.framework */; };
		E3142632157281AF00E7DC7A /* InfoPlist.strings in Resources */ = {isa = PBXBuildFile; fileRef = E3142630157281AF00E7DC7A /* InfoPlist.strings */; };
		E3142634157281AF00E7DC7A /* main.m in Sources */ = {isa = PBXBuildFile; fileRef = E3142633157281AF00E7DC7A /* main.m */; };
		E3142638157281AF00E7DC7A /* AppDelegate.m in Sources */ = {isa = PBXBuildFile; fileRef = E3142637157281AF00E7DC7A /* AppDelegate.m */; };
		E3142646157281B000E7DC7A /* SenTestingKit.framework in Frameworks */ = {isa = PBXBuildFile; fileRef = E3142645157281B000E7DC7A /* SenTestingKit.framework */; };
		E3142647157281B000E7DC7A /* UIKit.framework in Frameworks */ = {isa = PBXBuildFile; fileRef = E3142627157281AF00E7DC7A /* UIKit.framework */; };
		E3142648157281B000E7DC7A /* Foundation.framework in Frameworks */ = {isa = PBXBuildFile; fileRef = E3142629157281AF00E7DC7A /* Foundation.framework */; };
		E3142650157281B000E7DC7A /* InfoPlist.strings in Resources */ = {isa = PBXBuildFile; fileRef = E314264E157281B000E7DC7A /* InfoPlist.strings */; };
		E3142653157281B000E7DC7A /* WHsAppTests.m in Sources */ = {isa = PBXBuildFile; fileRef = E3142652157281B000E7DC7A /* WHsAppTests.m */; };
		E314267F157282E900E7DC7A /* ASIAuthenticationDialog.m in Sources */ = {isa = PBXBuildFile; fileRef = E3142669157282E900E7DC7A /* ASIAuthenticationDialog.m */; settings = {COMPILER_FLAGS = "-fno-objc-arc"; }; };
		E3142680157282E900E7DC7A /* ASIDataCompressor.m in Sources */ = {isa = PBXBuildFile; fileRef = E314266C157282E900E7DC7A /* ASIDataCompressor.m */; settings = {COMPILER_FLAGS = "-fno-objc-arc"; }; };
		E3142681157282E900E7DC7A /* ASIDataDecompressor.m in Sources */ = {isa = PBXBuildFile; fileRef = E314266E157282E900E7DC7A /* ASIDataDecompressor.m */; settings = {COMPILER_FLAGS = "-fno-objc-arc"; }; };
		E3142682157282E900E7DC7A /* ASIDownloadCache.m in Sources */ = {isa = PBXBuildFile; fileRef = E3142670157282E900E7DC7A /* ASIDownloadCache.m */; settings = {COMPILER_FLAGS = "-fno-objc-arc"; }; };
		E3142683157282E900E7DC7A /* ASIFormDataRequest.m in Sources */ = {isa = PBXBuildFile; fileRef = E3142672157282E900E7DC7A /* ASIFormDataRequest.m */; settings = {COMPILER_FLAGS = "-fno-objc-arc"; }; };
		E3142684157282E900E7DC7A /* ASIHTTPRequest.m in Sources */ = {isa = PBXBuildFile; fileRef = E3142674157282E900E7DC7A /* ASIHTTPRequest.m */; settings = {COMPILER_FLAGS = "-fno-objc-arc"; }; };
		E3142685157282E900E7DC7A /* ASIInputStream.m in Sources */ = {isa = PBXBuildFile; fileRef = E3142678157282E900E7DC7A /* ASIInputStream.m */; settings = {COMPILER_FLAGS = "-fno-objc-arc"; }; };
		E3142686157282E900E7DC7A /* ASINetworkQueue.m in Sources */ = {isa = PBXBuildFile; fileRef = E314267A157282E900E7DC7A /* ASINetworkQueue.m */; settings = {COMPILER_FLAGS = "-fno-objc-arc"; }; };
		E3142687157282E900E7DC7A /* Reachability.m in Sources */ = {isa = PBXBuildFile; fileRef = E314267E157282E900E7DC7A /* Reachability.m */; settings = {COMPILER_FLAGS = "-fno-objc-arc"; }; };
		E314268D157282F000E7DC7A /* CHANGELOG.md in Resources */ = {isa = PBXBuildFile; fileRef = E3142689157282F000E7DC7A /* CHANGELOG.md */; };
		E314268E157282F000E7DC7A /* JSONKit.m in Sources */ = {isa = PBXBuildFile; fileRef = E314268B157282F000E7DC7A /* JSONKit.m */; settings = {COMPILER_FLAGS = "-fno-objc-arc"; }; };
		E314268F157282F000E7DC7A /* README.md in Resources */ = {isa = PBXBuildFile; fileRef = E314268C157282F000E7DC7A /* README.md */; };
		E31426911572832200E7DC7A /* MobileCoreServices.framework in Frameworks */ = {isa = PBXBuildFile; fileRef = E31426901572832200E7DC7A /* MobileCoreServices.framework */; };
		E31426931572832B00E7DC7A /* SystemConfiguration.framework in Frameworks */ = {isa = PBXBuildFile; fileRef = E31426921572832B00E7DC7A /* SystemConfiguration.framework */; };
		E31426951572833200E7DC7A /* CFNetwork.framework in Frameworks */ = {isa = PBXBuildFile; fileRef = E31426941572833200E7DC7A /* CFNetwork.framework */; };
		E31426971572833900E7DC7A /* CoreLocation.framework in Frameworks */ = {isa = PBXBuildFile; fileRef = E31426961572833900E7DC7A /* CoreLocation.framework */; };
		E31426991572833F00E7DC7A /* libz.dylib in Frameworks */ = {isa = PBXBuildFile; fileRef = E31426981572833F00E7DC7A /* libz.dylib */; };
		E314269D1572837400E7DC7A /* AppDataManager.m in Sources */ = {isa = PBXBuildFile; fileRef = E314269C1572837400E7DC7A /* AppDataManager.m */; };
		E31426A11572837E00E7DC7A /* Utility.m in Sources */ = {isa = PBXBuildFile; fileRef = E31426A01572837E00E7DC7A /* Utility.m */; settings = {COMPILER_FLAGS = "-fno-objc-arc"; }; };
		E31426A41572838900E7DC7A /* WebServiceManager.m in Sources */ = {isa = PBXBuildFile; fileRef = E31426A31572838900E7DC7A /* WebServiceManager.m */; };
		E31426B11572842B00E7DC7A /* LoginViewController.m in Sources */ = {isa = PBXBuildFile; fileRef = E31426AC1572842B00E7DC7A /* LoginViewController.m */; };
		E31426B21572842B00E7DC7A /* UserRegistrationViewController.m in Sources */ = {isa = PBXBuildFile; fileRef = E31426AE1572842B00E7DC7A /* UserRegistrationViewController.m */; };
		E31426B31572842B00E7DC7A /* LoginViewController.xib in Resources */ = {isa = PBXBuildFile; fileRef = E31426AF1572842B00E7DC7A /* LoginViewController.xib */; };
		E31426B41572842B00E7DC7A /* UserRegistrationViewController.xib in Resources */ = {isa = PBXBuildFile; fileRef = E31426B01572842B00E7DC7A /* UserRegistrationViewController.xib */; };
		E31426B81572847700E7DC7A /* checkbox_checked.png in Resources */ = {isa = PBXBuildFile; fileRef = E31426B61572847700E7DC7A /* checkbox_checked.png */; };
		E31426B91572847700E7DC7A /* checkbox_uncheck.png in Resources */ = {isa = PBXBuildFile; fileRef = E31426B71572847700E7DC7A /* checkbox_uncheck.png */; };
		E3355338157905830024FBAD /* YoutubeView.m in Sources */ = {isa = PBXBuildFile; fileRef = E3355337157905830024FBAD /* YoutubeView.m */; };
		E335533D157905CC0024FBAD /* VideoViewController.m in Sources */ = {isa = PBXBuildFile; fileRef = E335533B157905CC0024FBAD /* VideoViewController.m */; };
		E335533E157905CC0024FBAD /* VideoViewController.xib in Resources */ = {isa = PBXBuildFile; fileRef = E335533C157905CC0024FBAD /* VideoViewController.xib */; };
		E3355340157906130024FBAD /* VideoTableViewCell.xib in Resources */ = {isa = PBXBuildFile; fileRef = E335533F157906130024FBAD /* VideoTableViewCell.xib */; };
		E335534315790A850024FBAD /* Media.m in Sources */ = {isa = PBXBuildFile; fileRef = E335534215790A850024FBAD /* Media.m */; };
		E33B35A91577D8A700624E3D /* User.m in Sources */ = {isa = PBXBuildFile; fileRef = E33B35A81577D8A700624E3D /* User.m */; };
		E36714BF157FAFDD0049F4AC /* KusoViewController.m in Sources */ = {isa = PBXBuildFile; fileRef = E36714BD157FAFDD0049F4AC /* KusoViewController.m */; };
		E36714C0157FAFDD0049F4AC /* KusoViewController.xib in Resources */ = {isa = PBXBuildFile; fileRef = E36714BE157FAFDD0049F4AC /* KusoViewController.xib */; };
		E36714C4157FB4290049F4AC /* template2.png in Resources */ = {isa = PBXBuildFile; fileRef = E36714C2157FB4290049F4AC /* template2.png */; };
		E36714C5157FB4290049F4AC /* template3.png in Resources */ = {isa = PBXBuildFile; fileRef = E36714C3157FB4290049F4AC /* template3.png */; };
		E36C0DC1157B9180004B1608 /* MessageViewController.m in Sources */ = {isa = PBXBuildFile; fileRef = E36C0DBF157B9180004B1608 /* MessageViewController.m */; };
		E36C0DC2157B9180004B1608 /* MessageViewController.xib in Resources */ = {isa = PBXBuildFile; fileRef = E36C0DC0157B9180004B1608 /* MessageViewController.xib */; };
		E36C0DC4157B91FD004B1608 /* MessageTableViewCell.xib in Resources */ = {isa = PBXBuildFile; fileRef = E36C0DC3157B91FD004B1608 /* MessageTableViewCell.xib */; };
		E36C0DC6157B96FA004B1608 /* MessageUI.framework in Frameworks */ = {isa = PBXBuildFile; fileRef = E36C0DC5157B96FA004B1608 /* MessageUI.framework */; };
		E36C0DCB157B9890004B1608 /* AboutUsViewController.m in Sources */ = {isa = PBXBuildFile; fileRef = E36C0DC9157B9890004B1608 /* AboutUsViewController.m */; };
		E36C0DCC157B9890004B1608 /* AboutUsViewController.xib in Resources */ = {isa = PBXBuildFile; fileRef = E36C0DCA157B9890004B1608 /* AboutUsViewController.xib */; };
		E39551DA1578A49900957E4B /* HomeViewController.m in Sources */ = {isa = PBXBuildFile; fileRef = E39551D81578A49900957E4B /* HomeViewController.m */; };
		E39551DB1578A49900957E4B /* HomeViewController.xib in Resources */ = {isa = PBXBuildFile; fileRef = E39551D91578A49900957E4B /* HomeViewController.xib */; };
		E39551E61578AD0800957E4B /* SubCategoryController.m in Sources */ = {isa = PBXBuildFile; fileRef = E39551E41578AD0800957E4B /* SubCategoryController.m */; };
		E39551E71578AD0800957E4B /* SubCategoryController.xib in Resources */ = {isa = PBXBuildFile; fileRef = E39551E51578AD0800957E4B /* SubCategoryController.xib */; };
		E39551EE1578B9AF00957E4B /* SubCategory.m in Sources */ = {isa = PBXBuildFile; fileRef = E39551ED1578B9AF00957E4B /* SubCategory.m */; };
		E3CD2507157B288D00F0B749 /* ImagesViewController.m in Sources */ = {isa = PBXBuildFile; fileRef = E3CD2502157B288D00F0B749 /* ImagesViewController.m */; };
		E3CD25A5157B41FC00F0B749 /* photoDefault.png in Resources */ = {isa = PBXBuildFile; fileRef = E3CD25A0157B41FC00F0B749 /* photoDefault.png */; };
		E3CD25A6157B41FC00F0B749 /* KTPhotoView+SDWebImage.m in Sources */ = {isa = PBXBuildFile; fileRef = E3CD25A2157B41FC00F0B749 /* KTPhotoView+SDWebImage.m */; settings = {COMPILER_FLAGS = "-fno-objc-arc"; }; };
		E3CD25A7157B41FC00F0B749 /* KTThumbView+SDWebImage.m in Sources */ = {isa = PBXBuildFile; fileRef = E3CD25A4157B41FC00F0B749 /* KTThumbView+SDWebImage.m */; settings = {COMPILER_FLAGS = "-fno-objc-arc"; }; };
		E3CD25B6157B420500F0B749 /* LICENSE in Resources */ = {isa = PBXBuildFile; fileRef = E3CD25A9157B420500F0B749 /* LICENSE */; };
		E3CD25B7157B420500F0B749 /* README.md in Resources */ = {isa = PBXBuildFile; fileRef = E3CD25AA157B420500F0B749 /* README.md */; };
		E3CD25B8157B420500F0B749 /* SDImageCache.m in Sources */ = {isa = PBXBuildFile; fileRef = E3CD25AC157B420500F0B749 /* SDImageCache.m */; settings = {COMPILER_FLAGS = "-fno-objc-arc"; }; };
		E3CD25B9157B420500F0B749 /* SDWebImageDownloader.m in Sources */ = {isa = PBXBuildFile; fileRef = E3CD25AF157B420500F0B749 /* SDWebImageDownloader.m */; settings = {COMPILER_FLAGS = "-fno-objc-arc"; }; };
		E3CD25BA157B420500F0B749 /* SDWebImageManager.m in Sources */ = {isa = PBXBuildFile; fileRef = E3CD25B2157B420500F0B749 /* SDWebImageManager.m */; settings = {COMPILER_FLAGS = "-fno-objc-arc"; }; };
		E3CD25BB157B420500F0B749 /* UIImageView+WebCache.m in Sources */ = {isa = PBXBuildFile; fileRef = E3CD25B5157B420500F0B749 /* UIImageView+WebCache.m */; settings = {COMPILER_FLAGS = "-fno-objc-arc"; }; };
		E3CD25CB157B42D200F0B749 /* KTPhotoBrowser.bundle in Resources */ = {isa = PBXBuildFile; fileRef = E3CD25BD157B42D200F0B749 /* KTPhotoBrowser.bundle */; };
		E3CD25CC157B42D200F0B749 /* KTPhotoBrowserGlobal.m in Sources */ = {isa = PBXBuildFile; fileRef = E3CD25C0157B42D200F0B749 /* KTPhotoBrowserGlobal.m */; settings = {COMPILER_FLAGS = "-fno-objc-arc"; }; };
		E3CD25CD157B42D200F0B749 /* KTPhotoScrollViewController.m in Sources */ = {isa = PBXBuildFile; fileRef = E3CD25C2157B42D200F0B749 /* KTPhotoScrollViewController.m */; settings = {COMPILER_FLAGS = "-fno-objc-arc"; }; };
		E3CD25CE157B42D200F0B749 /* KTPhotoView.m in Sources */ = {isa = PBXBuildFile; fileRef = E3CD25C4157B42D200F0B749 /* KTPhotoView.m */; settings = {COMPILER_FLAGS = "-fno-objc-arc"; }; };
		E3CD25CF157B42D200F0B749 /* KTThumbsView.m in Sources */ = {isa = PBXBuildFile; fileRef = E3CD25C6157B42D200F0B749 /* KTThumbsView.m */; settings = {COMPILER_FLAGS = "-fno-objc-arc"; }; };
		E3CD25D0157B42D200F0B749 /* KTThumbsViewController.m in Sources */ = {isa = PBXBuildFile; fileRef = E3CD25C8157B42D200F0B749 /* KTThumbsViewController.m */; settings = {COMPILER_FLAGS = "-fno-objc-arc"; }; };
		E3CD25D1157B42D200F0B749 /* KTThumbView.m in Sources */ = {isa = PBXBuildFile; fileRef = E3CD25CA157B42D200F0B749 /* KTThumbView.m */; settings = {COMPILER_FLAGS = "-fno-objc-arc"; }; };
		E3CD25D5157B473300F0B749 /* ArticleViewController.m in Sources */ = {isa = PBXBuildFile; fileRef = E3CD25D3157B473300F0B749 /* ArticleViewController.m */; };
		E3CD25D6157B473300F0B749 /* ArticleViewController.xib in Resources */ = {isa = PBXBuildFile; fileRef = E3CD25D4157B473300F0B749 /* ArticleViewController.xib */; };
		E3CD25DA157B49CC00F0B749 /* ArticleDetailViewController.m in Sources */ = {isa = PBXBuildFile; fileRef = E3CD25D8157B49CB00F0B749 /* ArticleDetailViewController.m */; };
		E3CD25DB157B49CC00F0B749 /* ArticleDetailViewController.xib in Resources */ = {isa = PBXBuildFile; fileRef = E3CD25D9157B49CB00F0B749 /* ArticleDetailViewController.xib */; };
		E3CD25DD157B4A8E00F0B749 /* seperator.png in Resources */ = {isa = PBXBuildFile; fileRef = E3CD25DC157B4A8E00F0B749 /* seperator.png */; };
		E3FF8607157FC3B1007B83D6 /* SaveImageViewController.m in Sources */ = {isa = PBXBuildFile; fileRef = E3FF8605157FC3B1007B83D6 /* SaveImageViewController.m */; };
		E3FF8608157FC3B1007B83D6 /* SaveImageViewController.xib in Resources */ = {isa = PBXBuildFile; fileRef = E3FF8606157FC3B1007B83D6 /* SaveImageViewController.xib */; };
/* End PBXBuildFile section */

/* Begin PBXContainerItemProxy section */
		E3142649157281B000E7DC7A /* PBXContainerItemProxy */ = {
			isa = PBXContainerItemProxy;
			containerPortal = E314261A157281AF00E7DC7A /* Project object */;
			proxyType = 1;
			remoteGlobalIDString = E3142622157281AF00E7DC7A;
			remoteInfo = WHsApp;
		};
/* End PBXContainerItemProxy section */

/* Begin PBXFileReference section */
		320AF8492C47A4D819F7C450 /* QuartzCore.framework */ = {isa = PBXFileReference; lastKnownFileType = wrapper.frameworks; name = QuartzCore.framework; path = System/Library/Frameworks/QuartzCore.framework; sourceTree = SDKROOT; };
		320B6C86F11D9990244A9730 /* Three20.bundle */ = {isa = PBXFileReference; lastKnownFileType = "wrapper.plug-in"; name = Three20.bundle; path = ../../../../../../../Developments/APIs/iPhone/Git/three20/src/Three20.bundle; sourceTree = SOURCE_ROOT; };
		E3142623157281AF00E7DC7A /* WHsApp.app */ = {isa = PBXFileReference; explicitFileType = wrapper.application; includeInIndex = 0; path = WHsApp.app; sourceTree = BUILT_PRODUCTS_DIR; };
		E3142627157281AF00E7DC7A /* UIKit.framework */ = {isa = PBXFileReference; lastKnownFileType = wrapper.framework; name = UIKit.framework; path = System/Library/Frameworks/UIKit.framework; sourceTree = SDKROOT; };
		E3142629157281AF00E7DC7A /* Foundation.framework */ = {isa = PBXFileReference; lastKnownFileType = wrapper.framework; name = Foundation.framework; path = System/Library/Frameworks/Foundation.framework; sourceTree = SDKROOT; };
		E314262B157281AF00E7DC7A /* CoreGraphics.framework */ = {isa = PBXFileReference; lastKnownFileType = wrapper.framework; name = CoreGraphics.framework; path = System/Library/Frameworks/CoreGraphics.framework; sourceTree = SDKROOT; };
		E314262F157281AF00E7DC7A /* WHsApp-Info.plist */ = {isa = PBXFileReference; lastKnownFileType = text.plist.xml; path = "WHsApp-Info.plist"; sourceTree = "<group>"; };
		E3142631157281AF00E7DC7A /* en */ = {isa = PBXFileReference; lastKnownFileType = text.plist.strings; name = en; path = en.lproj/InfoPlist.strings; sourceTree = "<group>"; };
		E3142633157281AF00E7DC7A /* main.m */ = {isa = PBXFileReference; lastKnownFileType = sourcecode.c.objc; path = main.m; sourceTree = "<group>"; };
		E3142635157281AF00E7DC7A /* WHsApp-Prefix.pch */ = {isa = PBXFileReference; lastKnownFileType = sourcecode.c.h; path = "WHsApp-Prefix.pch"; sourceTree = "<group>"; };
		E3142636157281AF00E7DC7A /* AppDelegate.h */ = {isa = PBXFileReference; lastKnownFileType = sourcecode.c.h; path = AppDelegate.h; sourceTree = "<group>"; };
		E3142637157281AF00E7DC7A /* AppDelegate.m */ = {isa = PBXFileReference; lastKnownFileType = sourcecode.c.objc; path = AppDelegate.m; sourceTree = "<group>"; };
		E3142644157281AF00E7DC7A /* WHsAppTests.octest */ = {isa = PBXFileReference; explicitFileType = wrapper.cfbundle; includeInIndex = 0; path = WHsAppTests.octest; sourceTree = BUILT_PRODUCTS_DIR; };
		E3142645157281B000E7DC7A /* SenTestingKit.framework */ = {isa = PBXFileReference; lastKnownFileType = wrapper.framework; name = SenTestingKit.framework; path = Library/Frameworks/SenTestingKit.framework; sourceTree = DEVELOPER_DIR; };
		E314264D157281B000E7DC7A /* WHsAppTests-Info.plist */ = {isa = PBXFileReference; lastKnownFileType = text.plist.xml; path = "WHsAppTests-Info.plist"; sourceTree = "<group>"; };
		E314264F157281B000E7DC7A /* en */ = {isa = PBXFileReference; lastKnownFileType = text.plist.strings; name = en; path = en.lproj/InfoPlist.strings; sourceTree = "<group>"; };
		E3142651157281B000E7DC7A /* WHsAppTests.h */ = {isa = PBXFileReference; lastKnownFileType = sourcecode.c.h; path = WHsAppTests.h; sourceTree = "<group>"; };
		E3142652157281B000E7DC7A /* WHsAppTests.m */ = {isa = PBXFileReference; lastKnownFileType = sourcecode.c.objc; path = WHsAppTests.m; sourceTree = "<group>"; };
		E3142668157282E900E7DC7A /* ASIAuthenticationDialog.h */ = {isa = PBXFileReference; fileEncoding = 4; lastKnownFileType = sourcecode.c.h; path = ASIAuthenticationDialog.h; sourceTree = "<group>"; };
		E3142669157282E900E7DC7A /* ASIAuthenticationDialog.m */ = {isa = PBXFileReference; fileEncoding = 4; lastKnownFileType = sourcecode.c.objc; path = ASIAuthenticationDialog.m; sourceTree = "<group>"; };
		E314266A157282E900E7DC7A /* ASICacheDelegate.h */ = {isa = PBXFileReference; fileEncoding = 4; lastKnownFileType = sourcecode.c.h; path = ASICacheDelegate.h; sourceTree = "<group>"; };
		E314266B157282E900E7DC7A /* ASIDataCompressor.h */ = {isa = PBXFileReference; fileEncoding = 4; lastKnownFileType = sourcecode.c.h; path = ASIDataCompressor.h; sourceTree = "<group>"; };
		E314266C157282E900E7DC7A /* ASIDataCompressor.m */ = {isa = PBXFileReference; fileEncoding = 4; lastKnownFileType = sourcecode.c.objc; path = ASIDataCompressor.m; sourceTree = "<group>"; };
		E314266D157282E900E7DC7A /* ASIDataDecompressor.h */ = {isa = PBXFileReference; fileEncoding = 4; lastKnownFileType = sourcecode.c.h; path = ASIDataDecompressor.h; sourceTree = "<group>"; };
		E314266E157282E900E7DC7A /* ASIDataDecompressor.m */ = {isa = PBXFileReference; fileEncoding = 4; lastKnownFileType = sourcecode.c.objc; path = ASIDataDecompressor.m; sourceTree = "<group>"; };
		E314266F157282E900E7DC7A /* ASIDownloadCache.h */ = {isa = PBXFileReference; fileEncoding = 4; lastKnownFileType = sourcecode.c.h; path = ASIDownloadCache.h; sourceTree = "<group>"; };
		E3142670157282E900E7DC7A /* ASIDownloadCache.m */ = {isa = PBXFileReference; fileEncoding = 4; lastKnownFileType = sourcecode.c.objc; path = ASIDownloadCache.m; sourceTree = "<group>"; };
		E3142671157282E900E7DC7A /* ASIFormDataRequest.h */ = {isa = PBXFileReference; fileEncoding = 4; lastKnownFileType = sourcecode.c.h; path = ASIFormDataRequest.h; sourceTree = "<group>"; };
		E3142672157282E900E7DC7A /* ASIFormDataRequest.m */ = {isa = PBXFileReference; fileEncoding = 4; lastKnownFileType = sourcecode.c.objc; path = ASIFormDataRequest.m; sourceTree = "<group>"; };
		E3142673157282E900E7DC7A /* ASIHTTPRequest.h */ = {isa = PBXFileReference; fileEncoding = 4; lastKnownFileType = sourcecode.c.h; path = ASIHTTPRequest.h; sourceTree = "<group>"; };
		E3142674157282E900E7DC7A /* ASIHTTPRequest.m */ = {isa = PBXFileReference; fileEncoding = 4; lastKnownFileType = sourcecode.c.objc; path = ASIHTTPRequest.m; sourceTree = "<group>"; };
		E3142675157282E900E7DC7A /* ASIHTTPRequestConfig.h */ = {isa = PBXFileReference; fileEncoding = 4; lastKnownFileType = sourcecode.c.h; path = ASIHTTPRequestConfig.h; sourceTree = "<group>"; };
		E3142676157282E900E7DC7A /* ASIHTTPRequestDelegate.h */ = {isa = PBXFileReference; fileEncoding = 4; lastKnownFileType = sourcecode.c.h; path = ASIHTTPRequestDelegate.h; sourceTree = "<group>"; };
		E3142677157282E900E7DC7A /* ASIInputStream.h */ = {isa = PBXFileReference; fileEncoding = 4; lastKnownFileType = sourcecode.c.h; path = ASIInputStream.h; sourceTree = "<group>"; };
		E3142678157282E900E7DC7A /* ASIInputStream.m */ = {isa = PBXFileReference; fileEncoding = 4; lastKnownFileType = sourcecode.c.objc; path = ASIInputStream.m; sourceTree = "<group>"; };
		E3142679157282E900E7DC7A /* ASINetworkQueue.h */ = {isa = PBXFileReference; fileEncoding = 4; lastKnownFileType = sourcecode.c.h; path = ASINetworkQueue.h; sourceTree = "<group>"; };
		E314267A157282E900E7DC7A /* ASINetworkQueue.m */ = {isa = PBXFileReference; fileEncoding = 4; lastKnownFileType = sourcecode.c.objc; path = ASINetworkQueue.m; sourceTree = "<group>"; };
		E314267B157282E900E7DC7A /* ASIProgressDelegate.h */ = {isa = PBXFileReference; fileEncoding = 4; lastKnownFileType = sourcecode.c.h; path = ASIProgressDelegate.h; sourceTree = "<group>"; };
		E314267D157282E900E7DC7A /* Reachability.h */ = {isa = PBXFileReference; fileEncoding = 4; lastKnownFileType = sourcecode.c.h; path = Reachability.h; sourceTree = "<group>"; };
		E314267E157282E900E7DC7A /* Reachability.m */ = {isa = PBXFileReference; fileEncoding = 4; lastKnownFileType = sourcecode.c.objc; path = Reachability.m; sourceTree = "<group>"; };
		E3142689157282F000E7DC7A /* CHANGELOG.md */ = {isa = PBXFileReference; fileEncoding = 4; lastKnownFileType = text; path = CHANGELOG.md; sourceTree = "<group>"; };
		E314268A157282F000E7DC7A /* JSONKit.h */ = {isa = PBXFileReference; fileEncoding = 4; lastKnownFileType = sourcecode.c.h; path = JSONKit.h; sourceTree = "<group>"; };
		E314268B157282F000E7DC7A /* JSONKit.m */ = {isa = PBXFileReference; fileEncoding = 4; lastKnownFileType = sourcecode.c.objc; path = JSONKit.m; sourceTree = "<group>"; };
		E314268C157282F000E7DC7A /* README.md */ = {isa = PBXFileReference; fileEncoding = 4; lastKnownFileType = text; path = README.md; sourceTree = "<group>"; };
		E31426901572832200E7DC7A /* MobileCoreServices.framework */ = {isa = PBXFileReference; lastKnownFileType = wrapper.framework; name = MobileCoreServices.framework; path = System/Library/Frameworks/MobileCoreServices.framework; sourceTree = SDKROOT; };
		E31426921572832B00E7DC7A /* SystemConfiguration.framework */ = {isa = PBXFileReference; lastKnownFileType = wrapper.framework; name = SystemConfiguration.framework; path = System/Library/Frameworks/SystemConfiguration.framework; sourceTree = SDKROOT; };
		E31426941572833200E7DC7A /* CFNetwork.framework */ = {isa = PBXFileReference; lastKnownFileType = wrapper.framework; name = CFNetwork.framework; path = System/Library/Frameworks/CFNetwork.framework; sourceTree = SDKROOT; };
		E31426961572833900E7DC7A /* CoreLocation.framework */ = {isa = PBXFileReference; lastKnownFileType = wrapper.framework; name = CoreLocation.framework; path = System/Library/Frameworks/CoreLocation.framework; sourceTree = SDKROOT; };
		E31426981572833F00E7DC7A /* libz.dylib */ = {isa = PBXFileReference; lastKnownFileType = "compiled.mach-o.dylib"; name = libz.dylib; path = usr/lib/libz.dylib; sourceTree = SDKROOT; };
		E314269A1572836700E7DC7A /* Settings.h */ = {isa = PBXFileReference; fileEncoding = 4; lastKnownFileType = sourcecode.c.h; path = Settings.h; sourceTree = "<group>"; };
		E314269B1572837400E7DC7A /* AppDataManager.h */ = {isa = PBXFileReference; fileEncoding = 4; lastKnownFileType = sourcecode.c.h; path = AppDataManager.h; sourceTree = "<group>"; };
		E314269C1572837400E7DC7A /* AppDataManager.m */ = {isa = PBXFileReference; fileEncoding = 4; lastKnownFileType = sourcecode.c.objc; path = AppDataManager.m; sourceTree = "<group>"; };
		E314269F1572837E00E7DC7A /* Utility.h */ = {isa = PBXFileReference; fileEncoding = 4; lastKnownFileType = sourcecode.c.h; path = Utility.h; sourceTree = "<group>"; };
		E31426A01572837E00E7DC7A /* Utility.m */ = {isa = PBXFileReference; fileEncoding = 4; lastKnownFileType = sourcecode.c.objc; path = Utility.m; sourceTree = "<group>"; };
		E31426A21572838900E7DC7A /* WebServiceManager.h */ = {isa = PBXFileReference; fileEncoding = 4; lastKnownFileType = sourcecode.c.h; path = WebServiceManager.h; sourceTree = "<group>"; };
		E31426A31572838900E7DC7A /* WebServiceManager.m */ = {isa = PBXFileReference; fileEncoding = 4; lastKnownFileType = sourcecode.c.objc; path = WebServiceManager.m; sourceTree = "<group>"; };
		E31426AB1572842B00E7DC7A /* LoginViewController.h */ = {isa = PBXFileReference; fileEncoding = 4; lastKnownFileType = sourcecode.c.h; path = LoginViewController.h; sourceTree = "<group>"; };
		E31426AC1572842B00E7DC7A /* LoginViewController.m */ = {isa = PBXFileReference; fileEncoding = 4; lastKnownFileType = sourcecode.c.objc; path = LoginViewController.m; sourceTree = "<group>"; };
		E31426AD1572842B00E7DC7A /* UserRegistrationViewController.h */ = {isa = PBXFileReference; fileEncoding = 4; lastKnownFileType = sourcecode.c.h; path = UserRegistrationViewController.h; sourceTree = "<group>"; };
		E31426AE1572842B00E7DC7A /* UserRegistrationViewController.m */ = {isa = PBXFileReference; fileEncoding = 4; lastKnownFileType = sourcecode.c.objc; path = UserRegistrationViewController.m; sourceTree = "<group>"; };
		E31426AF1572842B00E7DC7A /* LoginViewController.xib */ = {isa = PBXFileReference; fileEncoding = 4; lastKnownFileType = file.xib; path = LoginViewController.xib; sourceTree = "<group>"; };
		E31426B01572842B00E7DC7A /* UserRegistrationViewController.xib */ = {isa = PBXFileReference; fileEncoding = 4; lastKnownFileType = file.xib; path = UserRegistrationViewController.xib; sourceTree = "<group>"; };
		E31426B61572847700E7DC7A /* checkbox_checked.png */ = {isa = PBXFileReference; lastKnownFileType = image.png; path = checkbox_checked.png; sourceTree = "<group>"; };
		E31426B71572847700E7DC7A /* checkbox_uncheck.png */ = {isa = PBXFileReference; lastKnownFileType = image.png; path = checkbox_uncheck.png; sourceTree = "<group>"; };
		E3355336157905830024FBAD /* YoutubeView.h */ = {isa = PBXFileReference; fileEncoding = 4; lastKnownFileType = sourcecode.c.h; path = YoutubeView.h; sourceTree = "<group>"; };
		E3355337157905830024FBAD /* YoutubeView.m */ = {isa = PBXFileReference; fileEncoding = 4; lastKnownFileType = sourcecode.c.objc; path = YoutubeView.m; sourceTree = "<group>"; };
		E335533A157905CC0024FBAD /* VideoViewController.h */ = {isa = PBXFileReference; fileEncoding = 4; lastKnownFileType = sourcecode.c.h; path = VideoViewController.h; sourceTree = "<group>"; };
		E335533B157905CC0024FBAD /* VideoViewController.m */ = {isa = PBXFileReference; fileEncoding = 4; lastKnownFileType = sourcecode.c.objc; path = VideoViewController.m; sourceTree = "<group>"; };
		E335533C157905CC0024FBAD /* VideoViewController.xib */ = {isa = PBXFileReference; fileEncoding = 4; lastKnownFileType = file.xib; path = VideoViewController.xib; sourceTree = "<group>"; };
		E335533F157906130024FBAD /* VideoTableViewCell.xib */ = {isa = PBXFileReference; fileEncoding = 4; lastKnownFileType = file.xib; path = VideoTableViewCell.xib; sourceTree = "<group>"; };
		E335534115790A850024FBAD /* Media.h */ = {isa = PBXFileReference; fileEncoding = 4; lastKnownFileType = sourcecode.c.h; path = Media.h; sourceTree = "<group>"; };
		E335534215790A850024FBAD /* Media.m */ = {isa = PBXFileReference; fileEncoding = 4; lastKnownFileType = sourcecode.c.objc; path = Media.m; sourceTree = "<group>"; };
		E33B35A71577D8A700624E3D /* User.h */ = {isa = PBXFileReference; fileEncoding = 4; lastKnownFileType = sourcecode.c.h; path = User.h; sourceTree = "<group>"; };
		E33B35A81577D8A700624E3D /* User.m */ = {isa = PBXFileReference; fileEncoding = 4; lastKnownFileType = sourcecode.c.objc; path = User.m; sourceTree = "<group>"; };
		E36714BC157FAFDD0049F4AC /* KusoViewController.h */ = {isa = PBXFileReference; fileEncoding = 4; lastKnownFileType = sourcecode.c.h; path = KusoViewController.h; sourceTree = "<group>"; };
		E36714BD157FAFDD0049F4AC /* KusoViewController.m */ = {isa = PBXFileReference; fileEncoding = 4; lastKnownFileType = sourcecode.c.objc; path = KusoViewController.m; sourceTree = "<group>"; };
		E36714BE157FAFDD0049F4AC /* KusoViewController.xib */ = {isa = PBXFileReference; fileEncoding = 4; lastKnownFileType = file.xib; path = KusoViewController.xib; sourceTree = "<group>"; };
		E36714C2157FB4290049F4AC /* template2.png */ = {isa = PBXFileReference; lastKnownFileType = image.png; path = template2.png; sourceTree = "<group>"; };
		E36714C3157FB4290049F4AC /* template3.png */ = {isa = PBXFileReference; lastKnownFileType = image.png; path = template3.png; sourceTree = "<group>"; };
		E36C0DBE157B9180004B1608 /* MessageViewController.h */ = {isa = PBXFileReference; fileEncoding = 4; lastKnownFileType = sourcecode.c.h; path = MessageViewController.h; sourceTree = "<group>"; };
		E36C0DBF157B9180004B1608 /* MessageViewController.m */ = {isa = PBXFileReference; fileEncoding = 4; lastKnownFileType = sourcecode.c.objc; path = MessageViewController.m; sourceTree = "<group>"; };
		E36C0DC0157B9180004B1608 /* MessageViewController.xib */ = {isa = PBXFileReference; fileEncoding = 4; lastKnownFileType = file.xib; path = MessageViewController.xib; sourceTree = "<group>"; };
		E36C0DC3157B91FD004B1608 /* MessageTableViewCell.xib */ = {isa = PBXFileReference; fileEncoding = 4; lastKnownFileType = file.xib; path = MessageTableViewCell.xib; sourceTree = "<group>"; };
		E36C0DC5157B96FA004B1608 /* MessageUI.framework */ = {isa = PBXFileReference; lastKnownFileType = wrapper.framework; name = MessageUI.framework; path = System/Library/Frameworks/MessageUI.framework; sourceTree = SDKROOT; };
		E36C0DC8157B9890004B1608 /* AboutUsViewController.h */ = {isa = PBXFileReference; fileEncoding = 4; lastKnownFileType = sourcecode.c.h; path = AboutUsViewController.h; sourceTree = "<group>"; };
		E36C0DC9157B9890004B1608 /* AboutUsViewController.m */ = {isa = PBXFileReference; fileEncoding = 4; lastKnownFileType = sourcecode.c.objc; path = AboutUsViewController.m; sourceTree = "<group>"; };
		E36C0DCA157B9890004B1608 /* AboutUsViewController.xib */ = {isa = PBXFileReference; fileEncoding = 4; lastKnownFileType = file.xib; path = AboutUsViewController.xib; sourceTree = "<group>"; };
		E39551D71578A49900957E4B /* HomeViewController.h */ = {isa = PBXFileReference; fileEncoding = 4; lastKnownFileType = sourcecode.c.h; path = HomeViewController.h; sourceTree = "<group>"; };
		E39551D81578A49900957E4B /* HomeViewController.m */ = {isa = PBXFileReference; fileEncoding = 4; lastKnownFileType = sourcecode.c.objc; path = HomeViewController.m; sourceTree = "<group>"; };
		E39551D91578A49900957E4B /* HomeViewController.xib */ = {isa = PBXFileReference; fileEncoding = 4; lastKnownFileType = file.xib; path = HomeViewController.xib; sourceTree = "<group>"; };
		E39551E31578AD0800957E4B /* SubCategoryController.h */ = {isa = PBXFileReference; fileEncoding = 4; lastKnownFileType = sourcecode.c.h; path = SubCategoryController.h; sourceTree = "<group>"; };
		E39551E41578AD0800957E4B /* SubCategoryController.m */ = {isa = PBXFileReference; fileEncoding = 4; lastKnownFileType = sourcecode.c.objc; path = SubCategoryController.m; sourceTree = "<group>"; };
		E39551E51578AD0800957E4B /* SubCategoryController.xib */ = {isa = PBXFileReference; fileEncoding = 4; lastKnownFileType = file.xib; path = SubCategoryController.xib; sourceTree = "<group>"; };
		E39551EC1578B9AF00957E4B /* SubCategory.h */ = {isa = PBXFileReference; fileEncoding = 4; lastKnownFileType = sourcecode.c.h; path = SubCategory.h; sourceTree = "<group>"; };
		E39551ED1578B9AF00957E4B /* SubCategory.m */ = {isa = PBXFileReference; fileEncoding = 4; lastKnownFileType = sourcecode.c.objc; path = SubCategory.m; sourceTree = "<group>"; };
		E3CD2501157B288D00F0B749 /* ImagesViewController.h */ = {isa = PBXFileReference; fileEncoding = 4; lastKnownFileType = sourcecode.c.h; path = ImagesViewController.h; sourceTree = "<group>"; };
		E3CD2502157B288D00F0B749 /* ImagesViewController.m */ = {isa = PBXFileReference; fileEncoding = 4; lastKnownFileType = sourcecode.c.objc; path = ImagesViewController.m; sourceTree = "<group>"; };
		E3CD25A0157B41FC00F0B749 /* photoDefault.png */ = {isa = PBXFileReference; lastKnownFileType = image.png; path = photoDefault.png; sourceTree = "<group>"; };
		E3CD25A1157B41FC00F0B749 /* KTPhotoView+SDWebImage.h */ = {isa = PBXFileReference; fileEncoding = 4; lastKnownFileType = sourcecode.c.h; path = "KTPhotoView+SDWebImage.h"; sourceTree = "<group>"; };
		E3CD25A2157B41FC00F0B749 /* KTPhotoView+SDWebImage.m */ = {isa = PBXFileReference; fileEncoding = 4; lastKnownFileType = sourcecode.c.objc; path = "KTPhotoView+SDWebImage.m"; sourceTree = "<group>"; };
		E3CD25A3157B41FC00F0B749 /* KTThumbView+SDWebImage.h */ = {isa = PBXFileReference; fileEncoding = 4; lastKnownFileType = sourcecode.c.h; path = "KTThumbView+SDWebImage.h"; sourceTree = "<group>"; };
		E3CD25A4157B41FC00F0B749 /* KTThumbView+SDWebImage.m */ = {isa = PBXFileReference; fileEncoding = 4; lastKnownFileType = sourcecode.c.objc; path = "KTThumbView+SDWebImage.m"; sourceTree = "<group>"; };
		E3CD25A9157B420500F0B749 /* LICENSE */ = {isa = PBXFileReference; fileEncoding = 4; lastKnownFileType = text; path = LICENSE; sourceTree = "<group>"; };
		E3CD25AA157B420500F0B749 /* README.md */ = {isa = PBXFileReference; fileEncoding = 4; lastKnownFileType = text; path = README.md; sourceTree = "<group>"; };
		E3CD25AB157B420500F0B749 /* SDImageCache.h */ = {isa = PBXFileReference; fileEncoding = 4; lastKnownFileType = sourcecode.c.h; path = SDImageCache.h; sourceTree = "<group>"; };
		E3CD25AC157B420500F0B749 /* SDImageCache.m */ = {isa = PBXFileReference; fileEncoding = 4; lastKnownFileType = sourcecode.c.objc; path = SDImageCache.m; sourceTree = "<group>"; };
		E3CD25AD157B420500F0B749 /* SDImageCacheDelegate.h */ = {isa = PBXFileReference; fileEncoding = 4; lastKnownFileType = sourcecode.c.h; path = SDImageCacheDelegate.h; sourceTree = "<group>"; };
		E3CD25AE157B420500F0B749 /* SDWebImageDownloader.h */ = {isa = PBXFileReference; fileEncoding = 4; lastKnownFileType = sourcecode.c.h; path = SDWebImageDownloader.h; sourceTree = "<group>"; };
		E3CD25AF157B420500F0B749 /* SDWebImageDownloader.m */ = {isa = PBXFileReference; fileEncoding = 4; lastKnownFileType = sourcecode.c.objc; path = SDWebImageDownloader.m; sourceTree = "<group>"; };
		E3CD25B0157B420500F0B749 /* SDWebImageDownloaderDelegate.h */ = {isa = PBXFileReference; fileEncoding = 4; lastKnownFileType = sourcecode.c.h; path = SDWebImageDownloaderDelegate.h; sourceTree = "<group>"; };
		E3CD25B1157B420500F0B749 /* SDWebImageManager.h */ = {isa = PBXFileReference; fileEncoding = 4; lastKnownFileType = sourcecode.c.h; path = SDWebImageManager.h; sourceTree = "<group>"; };
		E3CD25B2157B420500F0B749 /* SDWebImageManager.m */ = {isa = PBXFileReference; fileEncoding = 4; lastKnownFileType = sourcecode.c.objc; path = SDWebImageManager.m; sourceTree = "<group>"; };
		E3CD25B3157B420500F0B749 /* SDWebImageManagerDelegate.h */ = {isa = PBXFileReference; fileEncoding = 4; lastKnownFileType = sourcecode.c.h; path = SDWebImageManagerDelegate.h; sourceTree = "<group>"; };
		E3CD25B4157B420500F0B749 /* UIImageView+WebCache.h */ = {isa = PBXFileReference; fileEncoding = 4; lastKnownFileType = sourcecode.c.h; path = "UIImageView+WebCache.h"; sourceTree = "<group>"; };
		E3CD25B5157B420500F0B749 /* UIImageView+WebCache.m */ = {isa = PBXFileReference; fileEncoding = 4; lastKnownFileType = sourcecode.c.objc; path = "UIImageView+WebCache.m"; sourceTree = "<group>"; };
		E3CD25BD157B42D200F0B749 /* KTPhotoBrowser.bundle */ = {isa = PBXFileReference; lastKnownFileType = "wrapper.plug-in"; path = KTPhotoBrowser.bundle; sourceTree = "<group>"; };
		E3CD25BE157B42D200F0B749 /* KTPhotoBrowserDataSource.h */ = {isa = PBXFileReference; fileEncoding = 4; lastKnownFileType = sourcecode.c.h; path = KTPhotoBrowserDataSource.h; sourceTree = "<group>"; };
		E3CD25BF157B42D200F0B749 /* KTPhotoBrowserGlobal.h */ = {isa = PBXFileReference; fileEncoding = 4; lastKnownFileType = sourcecode.c.h; path = KTPhotoBrowserGlobal.h; sourceTree = "<group>"; };
		E3CD25C0157B42D200F0B749 /* KTPhotoBrowserGlobal.m */ = {isa = PBXFileReference; fileEncoding = 4; lastKnownFileType = sourcecode.c.objc; path = KTPhotoBrowserGlobal.m; sourceTree = "<group>"; };
		E3CD25C1157B42D200F0B749 /* KTPhotoScrollViewController.h */ = {isa = PBXFileReference; fileEncoding = 4; lastKnownFileType = sourcecode.c.h; path = KTPhotoScrollViewController.h; sourceTree = "<group>"; };
		E3CD25C2157B42D200F0B749 /* KTPhotoScrollViewController.m */ = {isa = PBXFileReference; fileEncoding = 4; lastKnownFileType = sourcecode.c.objc; path = KTPhotoScrollViewController.m; sourceTree = "<group>"; };
		E3CD25C3157B42D200F0B749 /* KTPhotoView.h */ = {isa = PBXFileReference; fileEncoding = 4; lastKnownFileType = sourcecode.c.h; path = KTPhotoView.h; sourceTree = "<group>"; };
		E3CD25C4157B42D200F0B749 /* KTPhotoView.m */ = {isa = PBXFileReference; fileEncoding = 4; lastKnownFileType = sourcecode.c.objc; path = KTPhotoView.m; sourceTree = "<group>"; };
		E3CD25C5157B42D200F0B749 /* KTThumbsView.h */ = {isa = PBXFileReference; fileEncoding = 4; lastKnownFileType = sourcecode.c.h; path = KTThumbsView.h; sourceTree = "<group>"; };
		E3CD25C6157B42D200F0B749 /* KTThumbsView.m */ = {isa = PBXFileReference; fileEncoding = 4; lastKnownFileType = sourcecode.c.objc; path = KTThumbsView.m; sourceTree = "<group>"; };
		E3CD25C7157B42D200F0B749 /* KTThumbsViewController.h */ = {isa = PBXFileReference; fileEncoding = 4; lastKnownFileType = sourcecode.c.h; path = KTThumbsViewController.h; sourceTree = "<group>"; };
		E3CD25C8157B42D200F0B749 /* KTThumbsViewController.m */ = {isa = PBXFileReference; fileEncoding = 4; lastKnownFileType = sourcecode.c.objc; path = KTThumbsViewController.m; sourceTree = "<group>"; };
		E3CD25C9157B42D200F0B749 /* KTThumbView.h */ = {isa = PBXFileReference; fileEncoding = 4; lastKnownFileType = sourcecode.c.h; path = KTThumbView.h; sourceTree = "<group>"; };
		E3CD25CA157B42D200F0B749 /* KTThumbView.m */ = {isa = PBXFileReference; fileEncoding = 4; lastKnownFileType = sourcecode.c.objc; path = KTThumbView.m; sourceTree = "<group>"; };
		E3CD25D2157B473300F0B749 /* ArticleViewController.h */ = {isa = PBXFileReference; fileEncoding = 4; lastKnownFileType = sourcecode.c.h; path = ArticleViewController.h; sourceTree = "<group>"; };
		E3CD25D3157B473300F0B749 /* ArticleViewController.m */ = {isa = PBXFileReference; fileEncoding = 4; lastKnownFileType = sourcecode.c.objc; path = ArticleViewController.m; sourceTree = "<group>"; };
		E3CD25D4157B473300F0B749 /* ArticleViewController.xib */ = {isa = PBXFileReference; fileEncoding = 4; lastKnownFileType = file.xib; path = ArticleViewController.xib; sourceTree = "<group>"; };
		E3CD25D7157B49CB00F0B749 /* ArticleDetailViewController.h */ = {isa = PBXFileReference; fileEncoding = 4; lastKnownFileType = sourcecode.c.h; path = ArticleDetailViewController.h; sourceTree = "<group>"; };
		E3CD25D8157B49CB00F0B749 /* ArticleDetailViewController.m */ = {isa = PBXFileReference; fileEncoding = 4; lastKnownFileType = sourcecode.c.objc; path = ArticleDetailViewController.m; sourceTree = "<group>"; };
		E3CD25D9157B49CB00F0B749 /* ArticleDetailViewController.xib */ = {isa = PBXFileReference; fileEncoding = 4; lastKnownFileType = file.xib; path = ArticleDetailViewController.xib; sourceTree = "<group>"; };
		E3CD25DC157B4A8E00F0B749 /* seperator.png */ = {isa = PBXFileReference; lastKnownFileType = image.png; path = seperator.png; sourceTree = "<group>"; };
		E3FF8604157FC3B1007B83D6 /* SaveImageViewController.h */ = {isa = PBXFileReference; fileEncoding = 4; lastKnownFileType = sourcecode.c.h; path = SaveImageViewController.h; sourceTree = "<group>"; };
		E3FF8605157FC3B1007B83D6 /* SaveImageViewController.m */ = {isa = PBXFileReference; fileEncoding = 4; lastKnownFileType = sourcecode.c.objc; path = SaveImageViewController.m; sourceTree = "<group>"; };
		E3FF8606157FC3B1007B83D6 /* SaveImageViewController.xib */ = {isa = PBXFileReference; fileEncoding = 4; lastKnownFileType = file.xib; path = SaveImageViewController.xib; sourceTree = "<group>"; };
/* End PBXFileReference section */

/* Begin PBXFrameworksBuildPhase section */
		E3142620157281AF00E7DC7A /* Frameworks */ = {
			isa = PBXFrameworksBuildPhase;
			buildActionMask = 2147483647;
			files = (
				E36C0DC6157B96FA004B1608 /* MessageUI.framework in Frameworks */,
				320AF8492C47A4D819F7C451 /* QuartzCore.framework in Frameworks */,
				E31426991572833F00E7DC7A /* libz.dylib in Frameworks */,
				E31426971572833900E7DC7A /* CoreLocation.framework in Frameworks */,
				E31426951572833200E7DC7A /* CFNetwork.framework in Frameworks */,
				E31426931572832B00E7DC7A /* SystemConfiguration.framework in Frameworks */,
				E31426911572832200E7DC7A /* MobileCoreServices.framework in Frameworks */,
				E3142628157281AF00E7DC7A /* UIKit.framework in Frameworks */,
				E314262A157281AF00E7DC7A /* Foundation.framework in Frameworks */,
				E314262C157281AF00E7DC7A /* CoreGraphics.framework in Frameworks */,
			);
			runOnlyForDeploymentPostprocessing = 0;
		};
		E3142640157281AF00E7DC7A /* Frameworks */ = {
			isa = PBXFrameworksBuildPhase;
			buildActionMask = 2147483647;
			files = (
				E3142646157281B000E7DC7A /* SenTestingKit.framework in Frameworks */,
				E3142647157281B000E7DC7A /* UIKit.framework in Frameworks */,
				E3142648157281B000E7DC7A /* Foundation.framework in Frameworks */,
			);
			runOnlyForDeploymentPostprocessing = 0;
		};
/* End PBXFrameworksBuildPhase section */

/* Begin PBXGroup section */
		E3142618157281AF00E7DC7A = {
			isa = PBXGroup;
			children = (
				E314262D157281AF00E7DC7A /* WHsApp */,
				E314264B157281B000E7DC7A /* WHsAppTests */,
				E3142626157281AF00E7DC7A /* Frameworks */,
				E3142624157281AF00E7DC7A /* Products */,
			);
			sourceTree = "<group>";
		};
		E3142624157281AF00E7DC7A /* Products */ = {
			isa = PBXGroup;
			children = (
				E3142623157281AF00E7DC7A /* WHsApp.app */,
				E3142644157281AF00E7DC7A /* WHsAppTests.octest */,
			);
			name = Products;
			sourceTree = "<group>";
		};
		E3142626157281AF00E7DC7A /* Frameworks */ = {
			isa = PBXGroup;
			children = (
				E36C0DC5157B96FA004B1608 /* MessageUI.framework */,
				320AF8492C47A4D819F7C450 /* QuartzCore.framework */,
				E31426981572833F00E7DC7A /* libz.dylib */,
				E31426961572833900E7DC7A /* CoreLocation.framework */,
				E31426941572833200E7DC7A /* CFNetwork.framework */,
				E31426921572832B00E7DC7A /* SystemConfiguration.framework */,
				E31426901572832200E7DC7A /* MobileCoreServices.framework */,
				E3142627157281AF00E7DC7A /* UIKit.framework */,
				E3142629157281AF00E7DC7A /* Foundation.framework */,
				E314262B157281AF00E7DC7A /* CoreGraphics.framework */,
				E3142645157281B000E7DC7A /* SenTestingKit.framework */,
			);
			name = Frameworks;
			sourceTree = "<group>";
		};
		E314262D157281AF00E7DC7A /* WHsApp */ = {
			isa = PBXGroup;
			children = (
				E3142636157281AF00E7DC7A /* AppDelegate.h */,
				E3142637157281AF00E7DC7A /* AppDelegate.m */,
				E314265C157281F800E7DC7A /* Externals */,
				E314265E1572823300E7DC7A /* Settings */,
				E314265F1572823D00E7DC7A /* WebServiceAPI */,
				E31426601572825000E7DC7A /* Models */,
				E31426611572826400E7DC7A /* Views */,
				E314265D1572822000E7DC7A /* Controllers */,
				E31426621572827100E7DC7A /* Xibs */,
				E31426631572827A00E7DC7A /* Images */,
				E314262E157281AF00E7DC7A /* Supporting Files */,
			);
			path = WHsApp;
			sourceTree = "<group>";
		};
		E314262E157281AF00E7DC7A /* Supporting Files */ = {
			isa = PBXGroup;
			children = (
				320B6C86F11D9990244A9730 /* Three20.bundle */,
				E314262F157281AF00E7DC7A /* WHsApp-Info.plist */,
				E3142630157281AF00E7DC7A /* InfoPlist.strings */,
				E3142633157281AF00E7DC7A /* main.m */,
				E3142635157281AF00E7DC7A /* WHsApp-Prefix.pch */,
			);
			name = "Supporting Files";
			sourceTree = "<group>";
		};
		E314264B157281B000E7DC7A /* WHsAppTests */ = {
			isa = PBXGroup;
			children = (
				E3142651157281B000E7DC7A /* WHsAppTests.h */,
				E3142652157281B000E7DC7A /* WHsAppTests.m */,
				E314264C157281B000E7DC7A /* Supporting Files */,
			);
			path = WHsAppTests;
			sourceTree = "<group>";
		};
		E314264C157281B000E7DC7A /* Supporting Files */ = {
			isa = PBXGroup;
			children = (
				E314264D157281B000E7DC7A /* WHsAppTests-Info.plist */,
				E314264E157281B000E7DC7A /* InfoPlist.strings */,
			);
			name = "Supporting Files";
			sourceTree = "<group>";
		};
		E314265C157281F800E7DC7A /* Externals */ = {
			isa = PBXGroup;
			children = (
				E3CD259F157B41A800F0B749 /* KTPhotoBrowser */,
				E3142667157282E900E7DC7A /* ASIHttpRequest */,
				E3142688157282F000E7DC7A /* JSONKit */,
			);
			path = Externals;
			sourceTree = "<group>";
		};
		E314265D1572822000E7DC7A /* Controllers */ = {
			isa = PBXGroup;
			children = (
				E3671475157FA24E0049F4AC /* KusoCamera */,
				E36C0DC7157B9878004B1608 /* AboutUs */,
				E36C0DBC157B90EA004B1608 /* Message */,
				E31426AA1572841500E7DC7A /* Login */,
				E39551DE1578A4DE00957E4B /* Home */,
				E39551DD1578A4D500957E4B /* Media */,
			);
			name = Controllers;
			path = Classes;
			sourceTree = "<group>";
		};
		E314265E1572823300E7DC7A /* Settings */ = {
			isa = PBXGroup;
			children = (
				E314269A1572836700E7DC7A /* Settings.h */,
				E314269B1572837400E7DC7A /* AppDataManager.h */,
				E314269C1572837400E7DC7A /* AppDataManager.m */,
				E314269F1572837E00E7DC7A /* Utility.h */,
				E31426A01572837E00E7DC7A /* Utility.m */,
			);
			name = Settings;
			path = Classes;
			sourceTree = "<group>";
		};
		E314265F1572823D00E7DC7A /* WebServiceAPI */ = {
			isa = PBXGroup;
			children = (
				E31426A21572838900E7DC7A /* WebServiceManager.h */,
				E31426A31572838900E7DC7A /* WebServiceManager.m */,
			);
			name = WebServiceAPI;
			path = Classes;
			sourceTree = "<group>";
		};
		E31426601572825000E7DC7A /* Models */ = {
			isa = PBXGroup;
			children = (
				E33B35A71577D8A700624E3D /* User.h */,
				E33B35A81577D8A700624E3D /* User.m */,
				E39551EC1578B9AF00957E4B /* SubCategory.h */,
				E39551ED1578B9AF00957E4B /* SubCategory.m */,
				E335534115790A850024FBAD /* Media.h */,
				E335534215790A850024FBAD /* Media.m */,
			);
			name = Models;
			path = Classes;
			sourceTree = "<group>";
		};
		E31426611572826400E7DC7A /* Views */ = {
			isa = PBXGroup;
			children = (
				E3355336157905830024FBAD /* YoutubeView.h */,
				E3355337157905830024FBAD /* YoutubeView.m */,
			);
			name = Views;
			path = Classes;
			sourceTree = "<group>";
		};
		E31426621572827100E7DC7A /* Xibs */ = {
			isa = PBXGroup;
			children = (
				E31426AF1572842B00E7DC7A /* LoginViewController.xib */,
				E31426B01572842B00E7DC7A /* UserRegistrationViewController.xib */,
				E39551D91578A49900957E4B /* HomeViewController.xib */,
				E39551E51578AD0800957E4B /* SubCategoryController.xib */,
				E335533C157905CC0024FBAD /* VideoViewController.xib */,
				E3CD25D4157B473300F0B749 /* ArticleViewController.xib */,
				E3CD25D9157B49CB00F0B749 /* ArticleDetailViewController.xib */,
				E36C0DC0157B9180004B1608 /* MessageViewController.xib */,
				E36C0DCA157B9890004B1608 /* AboutUsViewController.xib */,
				E36714BE157FAFDD0049F4AC /* KusoViewController.xib */,
				E3FF8606157FC3B1007B83D6 /* SaveImageViewController.xib */,
				E335533F157906130024FBAD /* VideoTableViewCell.xib */,
				E36C0DC3157B91FD004B1608 /* MessageTableViewCell.xib */,
			);
			name = Xibs;
			path = Classes;
			sourceTree = "<group>";
		};
		E31426631572827A00E7DC7A /* Images */ = {
			isa = PBXGroup;
			children = (
				E31426B51572846A00E7DC7A /* Login */,
				E36714C1157FB4190049F4AC /* Kuso */,
				E3CD25DC157B4A8E00F0B749 /* seperator.png */,
			);
			name = Images;
			path = Resources/Images;
			sourceTree = "<group>";
		};
		E3142667157282E900E7DC7A /* ASIHttpRequest */ = {
			isa = PBXGroup;
			children = (
				E3142668157282E900E7DC7A /* ASIAuthenticationDialog.h */,
				E3142669157282E900E7DC7A /* ASIAuthenticationDialog.m */,
				E314266A157282E900E7DC7A /* ASICacheDelegate.h */,
				E314266B157282E900E7DC7A /* ASIDataCompressor.h */,
				E314266C157282E900E7DC7A /* ASIDataCompressor.m */,
				E314266D157282E900E7DC7A /* ASIDataDecompressor.h */,
				E314266E157282E900E7DC7A /* ASIDataDecompressor.m */,
				E314266F157282E900E7DC7A /* ASIDownloadCache.h */,
				E3142670157282E900E7DC7A /* ASIDownloadCache.m */,
				E3142671157282E900E7DC7A /* ASIFormDataRequest.h */,
				E3142672157282E900E7DC7A /* ASIFormDataRequest.m */,
				E3142673157282E900E7DC7A /* ASIHTTPRequest.h */,
				E3142674157282E900E7DC7A /* ASIHTTPRequest.m */,
				E3142675157282E900E7DC7A /* ASIHTTPRequestConfig.h */,
				E3142676157282E900E7DC7A /* ASIHTTPRequestDelegate.h */,
				E3142677157282E900E7DC7A /* ASIInputStream.h */,
				E3142678157282E900E7DC7A /* ASIInputStream.m */,
				E3142679157282E900E7DC7A /* ASINetworkQueue.h */,
				E314267A157282E900E7DC7A /* ASINetworkQueue.m */,
				E314267B157282E900E7DC7A /* ASIProgressDelegate.h */,
				E314267C157282E900E7DC7A /* Reachability */,
			);
			path = ASIHttpRequest;
			sourceTree = "<group>";
		};
		E314267C157282E900E7DC7A /* Reachability */ = {
			isa = PBXGroup;
			children = (
				E314267D157282E900E7DC7A /* Reachability.h */,
				E314267E157282E900E7DC7A /* Reachability.m */,
			);
			path = Reachability;
			sourceTree = "<group>";
		};
		E3142688157282F000E7DC7A /* JSONKit */ = {
			isa = PBXGroup;
			children = (
				E3142689157282F000E7DC7A /* CHANGELOG.md */,
				E314268A157282F000E7DC7A /* JSONKit.h */,
				E314268B157282F000E7DC7A /* JSONKit.m */,
				E314268C157282F000E7DC7A /* README.md */,
			);
			path = JSONKit;
			sourceTree = "<group>";
		};
		E31426AA1572841500E7DC7A /* Login */ = {
			isa = PBXGroup;
			children = (
				E31426AB1572842B00E7DC7A /* LoginViewController.h */,
				E31426AC1572842B00E7DC7A /* LoginViewController.m */,
				E31426AD1572842B00E7DC7A /* UserRegistrationViewController.h */,
				E31426AE1572842B00E7DC7A /* UserRegistrationViewController.m */,
			);
			name = Login;
			sourceTree = "<group>";
		};
		E31426B51572846A00E7DC7A /* Login */ = {
			isa = PBXGroup;
			children = (
				E31426B61572847700E7DC7A /* checkbox_checked.png */,
				E31426B71572847700E7DC7A /* checkbox_uncheck.png */,
			);
			name = Login;
			sourceTree = "<group>";
		};
		E3671475157FA24E0049F4AC /* KusoCamera */ = {
			isa = PBXGroup;
			children = (
				E36714BC157FAFDD0049F4AC /* KusoViewController.h */,
				E36714BD157FAFDD0049F4AC /* KusoViewController.m */,
				E3FF8604157FC3B1007B83D6 /* SaveImageViewController.h */,
				E3FF8605157FC3B1007B83D6 /* SaveImageViewController.m */,
			);
			name = KusoCamera;
			sourceTree = "<group>";
		};
		E36714C1157FB4190049F4AC /* Kuso */ = {
			isa = PBXGroup;
			children = (
				E36714C2157FB4290049F4AC /* template2.png */,
				E36714C3157FB4290049F4AC /* template3.png */,
			);
			name = Kuso;
			sourceTree = "<group>";
		};
		E36C0DBC157B90EA004B1608 /* Message */ = {
			isa = PBXGroup;
			children = (
				E36C0DBE157B9180004B1608 /* MessageViewController.h */,
				E36C0DBF157B9180004B1608 /* MessageViewController.m */,
			);
			name = Message;
			sourceTree = "<group>";
		};
		E36C0DC7157B9878004B1608 /* AboutUs */ = {
			isa = PBXGroup;
			children = (
				E36C0DC8157B9890004B1608 /* AboutUsViewController.h */,
				E36C0DC9157B9890004B1608 /* AboutUsViewController.m */,
			);
			name = AboutUs;
			sourceTree = "<group>";
		};
		E39551DD1578A4D500957E4B /* Media */ = {
			isa = PBXGroup;
			children = (
				E39551E31578AD0800957E4B /* SubCategoryController.h */,
				E39551E41578AD0800957E4B /* SubCategoryController.m */,
				E335533A157905CC0024FBAD /* VideoViewController.h */,
				E335533B157905CC0024FBAD /* VideoViewController.m */,
				E3CD2501157B288D00F0B749 /* ImagesViewController.h */,
				E3CD2502157B288D00F0B749 /* ImagesViewController.m */,
				E3CD25D2157B473300F0B749 /* ArticleViewController.h */,
				E3CD25D3157B473300F0B749 /* ArticleViewController.m */,
				E3CD25D7157B49CB00F0B749 /* ArticleDetailViewController.h */,
				E3CD25D8157B49CB00F0B749 /* ArticleDetailViewController.m */,
			);
			name = Media;
			sourceTree = "<group>";
		};
		E39551DE1578A4DE00957E4B /* Home */ = {
			isa = PBXGroup;
			children = (
				E39551D71578A49900957E4B /* HomeViewController.h */,
				E39551D81578A49900957E4B /* HomeViewController.m */,
			);
			name = Home;
			sourceTree = "<group>";
		};
		E3CD259F157B41A800F0B749 /* KTPhotoBrowser */ = {
			isa = PBXGroup;
			children = (
				E3CD25BC157B42D200F0B749 /* KTPhotoBrowser */,
				E3CD25A8157B420500F0B749 /* SDWebImage */,
				E3CD25A0157B41FC00F0B749 /* photoDefault.png */,
				E3CD25A1157B41FC00F0B749 /* KTPhotoView+SDWebImage.h */,
				E3CD25A2157B41FC00F0B749 /* KTPhotoView+SDWebImage.m */,
				E3CD25A3157B41FC00F0B749 /* KTThumbView+SDWebImage.h */,
				E3CD25A4157B41FC00F0B749 /* KTThumbView+SDWebImage.m */,
			);
			path = KTPhotoBrowser;
			sourceTree = "<group>";
		};
		E3CD25A8157B420500F0B749 /* SDWebImage */ = {
			isa = PBXGroup;
			children = (
				E3CD25A9157B420500F0B749 /* LICENSE */,
				E3CD25AA157B420500F0B749 /* README.md */,
				E3CD25AB157B420500F0B749 /* SDImageCache.h */,
				E3CD25AC157B420500F0B749 /* SDImageCache.m */,
				E3CD25AD157B420500F0B749 /* SDImageCacheDelegate.h */,
				E3CD25AE157B420500F0B749 /* SDWebImageDownloader.h */,
				E3CD25AF157B420500F0B749 /* SDWebImageDownloader.m */,
				E3CD25B0157B420500F0B749 /* SDWebImageDownloaderDelegate.h */,
				E3CD25B1157B420500F0B749 /* SDWebImageManager.h */,
				E3CD25B2157B420500F0B749 /* SDWebImageManager.m */,
				E3CD25B3157B420500F0B749 /* SDWebImageManagerDelegate.h */,
				E3CD25B4157B420500F0B749 /* UIImageView+WebCache.h */,
				E3CD25B5157B420500F0B749 /* UIImageView+WebCache.m */,
			);
			path = SDWebImage;
			sourceTree = "<group>";
		};
		E3CD25BC157B42D200F0B749 /* KTPhotoBrowser */ = {
			isa = PBXGroup;
			children = (
				E3CD25BD157B42D200F0B749 /* KTPhotoBrowser.bundle */,
				E3CD25BE157B42D200F0B749 /* KTPhotoBrowserDataSource.h */,
				E3CD25BF157B42D200F0B749 /* KTPhotoBrowserGlobal.h */,
				E3CD25C0157B42D200F0B749 /* KTPhotoBrowserGlobal.m */,
				E3CD25C1157B42D200F0B749 /* KTPhotoScrollViewController.h */,
				E3CD25C2157B42D200F0B749 /* KTPhotoScrollViewController.m */,
				E3CD25C3157B42D200F0B749 /* KTPhotoView.h */,
				E3CD25C4157B42D200F0B749 /* KTPhotoView.m */,
				E3CD25C5157B42D200F0B749 /* KTThumbsView.h */,
				E3CD25C6157B42D200F0B749 /* KTThumbsView.m */,
				E3CD25C7157B42D200F0B749 /* KTThumbsViewController.h */,
				E3CD25C8157B42D200F0B749 /* KTThumbsViewController.m */,
				E3CD25C9157B42D200F0B749 /* KTThumbView.h */,
				E3CD25CA157B42D200F0B749 /* KTThumbView.m */,
			);
			path = KTPhotoBrowser;
			sourceTree = "<group>";
		};
/* End PBXGroup section */

/* Begin PBXNativeTarget section */
		E3142622157281AF00E7DC7A /* WHsApp */ = {
			isa = PBXNativeTarget;
			buildConfigurationList = E3142656157281B000E7DC7A /* Build configuration list for PBXNativeTarget "WHsApp" */;
			buildPhases = (
				E314261F157281AF00E7DC7A /* Sources */,
				E3142620157281AF00E7DC7A /* Frameworks */,
				E3142621157281AF00E7DC7A /* Resources */,
			);
			buildRules = (
			);
			dependencies = (
			);
			name = WHsApp;
			productName = WHsApp;
			productReference = E3142623157281AF00E7DC7A /* WHsApp.app */;
			productType = "com.apple.product-type.application";
		};
		E3142643157281AF00E7DC7A /* WHsAppTests */ = {
			isa = PBXNativeTarget;
			buildConfigurationList = E3142659157281B000E7DC7A /* Build configuration list for PBXNativeTarget "WHsAppTests" */;
			buildPhases = (
				E314263F157281AF00E7DC7A /* Sources */,
				E3142640157281AF00E7DC7A /* Frameworks */,
				E3142641157281AF00E7DC7A /* Resources */,
				E3142642157281AF00E7DC7A /* ShellScript */,
			);
			buildRules = (
			);
			dependencies = (
				E314264A157281B000E7DC7A /* PBXTargetDependency */,
			);
			name = WHsAppTests;
			productName = WHsAppTests;
			productReference = E3142644157281AF00E7DC7A /* WHsAppTests.octest */;
			productType = "com.apple.product-type.bundle";
		};
/* End PBXNativeTarget section */

/* Begin PBXProject section */
		E314261A157281AF00E7DC7A /* Project object */ = {
			isa = PBXProject;
			attributes = {
				LastUpgradeCheck = 0420;
				ORGANIZATIONNAME = PhoneSoul;
			};
			buildConfigurationList = E314261D157281AF00E7DC7A /* Build configuration list for PBXProject "WHsApp" */;
			compatibilityVersion = "Xcode 3.2";
			developmentRegion = English;
			hasScannedForEncodings = 0;
			knownRegions = (
				en,
			);
			mainGroup = E3142618157281AF00E7DC7A;
			productRefGroup = E3142624157281AF00E7DC7A /* Products */;
			projectDirPath = "";
			projectRoot = "";
			targets = (
				E3142622157281AF00E7DC7A /* WHsApp */,
				E3142643157281AF00E7DC7A /* WHsAppTests */,
			);
		};
/* End PBXProject section */

/* Begin PBXResourcesBuildPhase section */
		E3142621157281AF00E7DC7A /* Resources */ = {
			isa = PBXResourcesBuildPhase;
			buildActionMask = 2147483647;
			files = (
				320B6C86F11D9990244A9731 /* Three20.bundle in Resources */,
				E3142632157281AF00E7DC7A /* InfoPlist.strings in Resources */,
				E314268D157282F000E7DC7A /* CHANGELOG.md in Resources */,
				E314268F157282F000E7DC7A /* README.md in Resources */,
				E31426B31572842B00E7DC7A /* LoginViewController.xib in Resources */,
				E31426B41572842B00E7DC7A /* UserRegistrationViewController.xib in Resources */,
				E31426B81572847700E7DC7A /* checkbox_checked.png in Resources */,
				E31426B91572847700E7DC7A /* checkbox_uncheck.png in Resources */,
				E39551DB1578A49900957E4B /* HomeViewController.xib in Resources */,
				E39551E71578AD0800957E4B /* SubCategoryController.xib in Resources */,
				E335533E157905CC0024FBAD /* VideoViewController.xib in Resources */,
				E3355340157906130024FBAD /* VideoTableViewCell.xib in Resources */,
				E3CD25A5157B41FC00F0B749 /* photoDefault.png in Resources */,
				E3CD25B6157B420500F0B749 /* LICENSE in Resources */,
				E3CD25B7157B420500F0B749 /* README.md in Resources */,
				E3CD25CB157B42D200F0B749 /* KTPhotoBrowser.bundle in Resources */,
				E3CD25D6157B473300F0B749 /* ArticleViewController.xib in Resources */,
				E3CD25DB157B49CC00F0B749 /* ArticleDetailViewController.xib in Resources */,
				E3CD25DD157B4A8E00F0B749 /* seperator.png in Resources */,
				E36C0DC2157B9180004B1608 /* MessageViewController.xib in Resources */,
				E36C0DC4157B91FD004B1608 /* MessageTableViewCell.xib in Resources */,
				E36C0DCC157B9890004B1608 /* AboutUsViewController.xib in Resources */,
				E36714C0157FAFDD0049F4AC /* KusoViewController.xib in Resources */,
				E36714C4157FB4290049F4AC /* template2.png in Resources */,
				E36714C5157FB4290049F4AC /* template3.png in Resources */,
				E3FF8608157FC3B1007B83D6 /* SaveImageViewController.xib in Resources */,
			);
			runOnlyForDeploymentPostprocessing = 0;
		};
		E3142641157281AF00E7DC7A /* Resources */ = {
			isa = PBXResourcesBuildPhase;
			buildActionMask = 2147483647;
			files = (
				E3142650157281B000E7DC7A /* InfoPlist.strings in Resources */,
			);
			runOnlyForDeploymentPostprocessing = 0;
		};
/* End PBXResourcesBuildPhase section */

/* Begin PBXShellScriptBuildPhase section */
		E3142642157281AF00E7DC7A /* ShellScript */ = {
			isa = PBXShellScriptBuildPhase;
			buildActionMask = 2147483647;
			files = (
			);
			inputPaths = (
			);
			outputPaths = (
			);
			runOnlyForDeploymentPostprocessing = 0;
			shellPath = /bin/sh;
			shellScript = "# Run the unit tests in this test bundle.\n\"${SYSTEM_DEVELOPER_DIR}/Tools/RunUnitTests\"\n";
		};
/* End PBXShellScriptBuildPhase section */

/* Begin PBXSourcesBuildPhase section */
		E314261F157281AF00E7DC7A /* Sources */ = {
			isa = PBXSourcesBuildPhase;
			buildActionMask = 2147483647;
			files = (
				E3142634157281AF00E7DC7A /* main.m in Sources */,
				E3142638157281AF00E7DC7A /* AppDelegate.m in Sources */,
				E314267F157282E900E7DC7A /* ASIAuthenticationDialog.m in Sources */,
				E3142680157282E900E7DC7A /* ASIDataCompressor.m in Sources */,
				E3142681157282E900E7DC7A /* ASIDataDecompressor.m in Sources */,
				E3142682157282E900E7DC7A /* ASIDownloadCache.m in Sources */,
				E3142683157282E900E7DC7A /* ASIFormDataRequest.m in Sources */,
				E3142684157282E900E7DC7A /* ASIHTTPRequest.m in Sources */,
				E3142685157282E900E7DC7A /* ASIInputStream.m in Sources */,
				E3142686157282E900E7DC7A /* ASINetworkQueue.m in Sources */,
				E3142687157282E900E7DC7A /* Reachability.m in Sources */,
				E314268E157282F000E7DC7A /* JSONKit.m in Sources */,
				E314269D1572837400E7DC7A /* AppDataManager.m in Sources */,
				E31426A11572837E00E7DC7A /* Utility.m in Sources */,
				E31426A41572838900E7DC7A /* WebServiceManager.m in Sources */,
				E31426B11572842B00E7DC7A /* LoginViewController.m in Sources */,
				E31426B21572842B00E7DC7A /* UserRegistrationViewController.m in Sources */,
				E33B35A91577D8A700624E3D /* User.m in Sources */,
				E39551DA1578A49900957E4B /* HomeViewController.m in Sources */,
				E39551E61578AD0800957E4B /* SubCategoryController.m in Sources */,
				E39551EE1578B9AF00957E4B /* SubCategory.m in Sources */,
				E3355338157905830024FBAD /* YoutubeView.m in Sources */,
				E335533D157905CC0024FBAD /* VideoViewController.m in Sources */,
				E335534315790A850024FBAD /* Media.m in Sources */,
				E3CD2507157B288D00F0B749 /* ImagesViewController.m in Sources */,
				E3CD25A6157B41FC00F0B749 /* KTPhotoView+SDWebImage.m in Sources */,
				E3CD25A7157B41FC00F0B749 /* KTThumbView+SDWebImage.m in Sources */,
				E3CD25B8157B420500F0B749 /* SDImageCache.m in Sources */,
				E3CD25B9157B420500F0B749 /* SDWebImageDownloader.m in Sources */,
				E3CD25BA157B420500F0B749 /* SDWebImageManager.m in Sources */,
				E3CD25BB157B420500F0B749 /* UIImageView+WebCache.m in Sources */,
				E3CD25CC157B42D200F0B749 /* KTPhotoBrowserGlobal.m in Sources */,
				E3CD25CD157B42D200F0B749 /* KTPhotoScrollViewController.m in Sources */,
				E3CD25CE157B42D200F0B749 /* KTPhotoView.m in Sources */,
				E3CD25CF157B42D200F0B749 /* KTThumbsView.m in Sources */,
				E3CD25D0157B42D200F0B749 /* KTThumbsViewController.m in Sources */,
				E3CD25D1157B42D200F0B749 /* KTThumbView.m in Sources */,
				E3CD25D5157B473300F0B749 /* ArticleViewController.m in Sources */,
				E3CD25DA157B49CC00F0B749 /* ArticleDetailViewController.m in Sources */,
				E36C0DC1157B9180004B1608 /* MessageViewController.m in Sources */,
				E36C0DCB157B9890004B1608 /* AboutUsViewController.m in Sources */,
				E36714BF157FAFDD0049F4AC /* KusoViewController.m in Sources */,
				E3FF8607157FC3B1007B83D6 /* SaveImageViewController.m in Sources */,
			);
			runOnlyForDeploymentPostprocessing = 0;
		};
		E314263F157281AF00E7DC7A /* Sources */ = {
			isa = PBXSourcesBuildPhase;
			buildActionMask = 2147483647;
			files = (
				E3142653157281B000E7DC7A /* WHsAppTests.m in Sources */,
			);
			runOnlyForDeploymentPostprocessing = 0;
		};
/* End PBXSourcesBuildPhase section */

/* Begin PBXTargetDependency section */
		E314264A157281B000E7DC7A /* PBXTargetDependency */ = {
			isa = PBXTargetDependency;
			target = E3142622157281AF00E7DC7A /* WHsApp */;
			targetProxy = E3142649157281B000E7DC7A /* PBXContainerItemProxy */;
		};
/* End PBXTargetDependency section */

/* Begin PBXVariantGroup section */
		E3142630157281AF00E7DC7A /* InfoPlist.strings */ = {
			isa = PBXVariantGroup;
			children = (
				E3142631157281AF00E7DC7A /* en */,
			);
			name = InfoPlist.strings;
			sourceTree = "<group>";
		};
		E314264E157281B000E7DC7A /* InfoPlist.strings */ = {
			isa = PBXVariantGroup;
			children = (
				E314264F157281B000E7DC7A /* en */,
			);
			name = InfoPlist.strings;
			sourceTree = "<group>";
		};
/* End PBXVariantGroup section */

/* Begin XCBuildConfiguration section */
		E3142654157281B000E7DC7A /* Debug */ = {
			isa = XCBuildConfiguration;
			buildSettings = {
				ALWAYS_SEARCH_USER_PATHS = NO;
				ARCHS = "$(ARCHS_STANDARD_32_BIT)";
				CLANG_ENABLE_OBJC_ARC = YES;
				CODE_SIGN_IDENTITY = "iPhone Developer: Jiang Liheng (YNWE5F42W8)";
				"CODE_SIGN_IDENTITY[sdk=iphoneos*]" = "iPhone Developer";
				COPY_PHASE_STRIP = NO;
				GCC_C_LANGUAGE_STANDARD = gnu99;
				GCC_DYNAMIC_NO_PIC = NO;
				GCC_OPTIMIZATION_LEVEL = 0;
				GCC_PREPROCESSOR_DEFINITIONS = (
					"DEBUG=1",
					"$(inherited)",
				);
				GCC_SYMBOLS_PRIVATE_EXTERN = NO;
				GCC_VERSION = com.apple.compilers.llvm.clang.1_0;
				GCC_WARN_ABOUT_MISSING_PROTOTYPES = YES;
				GCC_WARN_ABOUT_RETURN_TYPE = YES;
				GCC_WARN_UNUSED_VARIABLE = YES;
				IPHONEOS_DEPLOYMENT_TARGET = 5.0;
				PROVISIONING_PROFILE = "209F9BC6-19F0-4F04-9FCE-680D2D311B48";
				SDKROOT = iphoneos;
			};
			name = Debug;
		};
		E3142655157281B000E7DC7A /* Release */ = {
			isa = XCBuildConfiguration;
			buildSettings = {
				ALWAYS_SEARCH_USER_PATHS = NO;
				ARCHS = "$(ARCHS_STANDARD_32_BIT)";
				CLANG_ENABLE_OBJC_ARC = YES;
				CODE_SIGN_IDENTITY = "iPhone Distribution: FreeWave Media Pte. Ltd.";
				"CODE_SIGN_IDENTITY[sdk=iphoneos*]" = "iPhone Distribution: FreeWave Media Pte. Ltd.";
				COPY_PHASE_STRIP = YES;
				GCC_C_LANGUAGE_STANDARD = gnu99;
				GCC_VERSION = com.apple.compilers.llvm.clang.1_0;
				GCC_WARN_ABOUT_MISSING_PROTOTYPES = YES;
				GCC_WARN_ABOUT_RETURN_TYPE = YES;
				GCC_WARN_UNUSED_VARIABLE = YES;
				IPHONEOS_DEPLOYMENT_TARGET = 5.0;
				OTHER_CFLAGS = "-DNS_BLOCK_ASSERTIONS=1";
				PROVISIONING_PROFILE = "892F0AD1-DEFE-45CA-9EED-500A9D6CE472";
				"PROVISIONING_PROFILE[sdk=iphoneos*]" = "892F0AD1-DEFE-45CA-9EED-500A9D6CE472";
				SDKROOT = iphoneos;
				VALIDATE_PRODUCT = YES;
			};
			name = Release;
		};
		E3142657157281B000E7DC7A /* Debug */ = {
			isa = XCBuildConfiguration;
			buildSettings = {
				GCC_PRECOMPILE_PREFIX_HEADER = YES;
				GCC_PREFIX_HEADER = "WHsApp/WHsApp-Prefix.pch";
				HEADER_SEARCH_PATHS = (
					"$(BUILT_PRODUCTS_DIR)/../three20",
					"$(BUILT_PRODUCTS_DIR)/../../three20",
				);
				INFOPLIST_FILE = "WHsApp/WHsApp-Info.plist";
				PRODUCT_NAME = "$(TARGET_NAME)";
				WRAPPER_EXTENSION = app;
			};
			name = Debug;
		};
		E3142658157281B000E7DC7A /* Release */ = {
			isa = XCBuildConfiguration;
			buildSettings = {
				GCC_PRECOMPILE_PREFIX_HEADER = YES;
				GCC_PREFIX_HEADER = "WHsApp/WHsApp-Prefix.pch";
				HEADER_SEARCH_PATHS = (
					"$(BUILT_PRODUCTS_DIR)/../three20",
					"$(BUILT_PRODUCTS_DIR)/../../three20",
				);
				INFOPLIST_FILE = "WHsApp/WHsApp-Info.plist";
				PRODUCT_NAME = "$(TARGET_NAME)";
				WRAPPER_EXTENSION = app;
			};
			name = Release;
		};
		E314265A157281B000E7DC7A /* Debug */ = {
			isa = XCBuildConfiguration;
			buildSettings = {
				BUNDLE_LOADER = "$(BUILT_PRODUCTS_DIR)/WHsApp.app/WHsApp";
				FRAMEWORK_SEARCH_PATHS = (
					"$(SDKROOT)/Developer/Library/Frameworks",
					"$(DEVELOPER_LIBRARY_DIR)/Frameworks",
				);
				GCC_PRECOMPILE_PREFIX_HEADER = YES;
				GCC_PREFIX_HEADER = "WHsApp/WHsApp-Prefix.pch";
				INFOPLIST_FILE = "WHsAppTests/WHsAppTests-Info.plist";
				PRODUCT_NAME = "$(TARGET_NAME)";
				TEST_HOST = "$(BUNDLE_LOADER)";
				WRAPPER_EXTENSION = octest;
			};
			name = Debug;
		};
		E314265B157281B000E7DC7A /* Release */ = {
			isa = XCBuildConfiguration;
			buildSettings = {
				BUNDLE_LOADER = "$(BUILT_PRODUCTS_DIR)/WHsApp.app/WHsApp";
				FRAMEWORK_SEARCH_PATHS = (
					"$(SDKROOT)/Developer/Library/Frameworks",
					"$(DEVELOPER_LIBRARY_DIR)/Frameworks",
				);
				GCC_PRECOMPILE_PREFIX_HEADER = YES;
				GCC_PREFIX_HEADER = "WHsApp/WHsApp-Prefix.pch";
				INFOPLIST_FILE = "WHsAppTests/WHsAppTests-Info.plist";
				PRODUCT_NAME = "$(TARGET_NAME)";
				TEST_HOST = "$(BUNDLE_LOADER)";
				WRAPPER_EXTENSION = octest;
			};
			name = Release;
		};
/* End XCBuildConfiguration section */

/* Begin XCConfigurationList section */
		E314261D157281AF00E7DC7A /* Build configuration list for PBXProject "WHsApp" */ = {
			isa = XCConfigurationList;
			buildConfigurations = (
				E3142654157281B000E7DC7A /* Debug */,
				E3142655157281B000E7DC7A /* Release */,
			);
			defaultConfigurationIsVisible = 0;
			defaultConfigurationName = Release;
		};
		E3142656157281B000E7DC7A /* Build configuration list for PBXNativeTarget "WHsApp" */ = {
			isa = XCConfigurationList;
			buildConfigurations = (
				E3142657157281B000E7DC7A /* Debug */,
				E3142658157281B000E7DC7A /* Release */,
			);
			defaultConfigurationIsVisible = 0;
			defaultConfigurationName = Release;
		};
		E3142659157281B000E7DC7A /* Build configuration list for PBXNativeTarget "WHsAppTests" */ = {
			isa = XCConfigurationList;
			buildConfigurations = (
				E314265A157281B000E7DC7A /* Debug */,
				E314265B157281B000E7DC7A /* Release */,
			);
			defaultConfigurationIsVisible = 0;
			defaultConfigurationName = Release;
		};
/* End XCConfigurationList section */
	};
	rootObject = E314261A157281AF00E7DC7A /* Project object */;
}
