// !$*UTF8*$!
{
	archiveVersion = 1;
	classes = {
	};
	objectVersion = 46;
	objects = {

/* Begin PBXBuildFile section */
		E3142628157281AF00E7DC7A /* UIKit.framework in Frameworks */ = {isa = PBXBuildFile; fileRef = E3142627157281AF00E7DC7A /* UIKit.framework */; };
		E314262A157281AF00E7DC7A /* Foundation.framework in Frameworks */ = {isa = PBXBuildFile; fileRef = E3142629157281AF00E7DC7A /* Foundation.framework */; };
		E314262C157281AF00E7DC7A /* CoreGraphics.framework in Frameworks */ = {isa = PBXBuildFile; fileRef = E314262B157281AF00E7DC7A /* CoreGraphics.framework */; };
		E3142632157281AF00E7DC7A /* InfoPlist.strings in Resources */ = {isa = PBXBuildFile; fileRef = E3142630157281AF00E7DC7A /* InfoPlist.strings */; };
		E3142634157281AF00E7DC7A /* main.m in Sources */ = {isa = PBXBuildFile; fileRef = E3142633157281AF00E7DC7A /* main.m */; };
		E3142638157281AF00E7DC7A /* AppDelegate.m in Sources */ = {isa = PBXBuildFile; fileRef = E3142637157281AF00E7DC7A /* AppDelegate.m */; };
		E314263B157281AF00E7DC7A /* ViewController.m in Sources */ = {isa = PBXBuildFile; fileRef = E314263A157281AF00E7DC7A /* ViewController.m */; };
		E314263E157281AF00E7DC7A /* ViewController.xib in Resources */ = {isa = PBXBuildFile; fileRef = E314263C157281AF00E7DC7A /* ViewController.xib */; };
		E3142646157281B000E7DC7A /* SenTestingKit.framework in Frameworks */ = {isa = PBXBuildFile; fileRef = E3142645157281B000E7DC7A /* SenTestingKit.framework */; };
		E3142647157281B000E7DC7A /* UIKit.framework in Frameworks */ = {isa = PBXBuildFile; fileRef = E3142627157281AF00E7DC7A /* UIKit.framework */; };
		E3142648157281B000E7DC7A /* Foundation.framework in Frameworks */ = {isa = PBXBuildFile; fileRef = E3142629157281AF00E7DC7A /* Foundation.framework */; };
		E3142650157281B000E7DC7A /* InfoPlist.strings in Resources */ = {isa = PBXBuildFile; fileRef = E314264E157281B000E7DC7A /* InfoPlist.strings */; };
		E3142653157281B000E7DC7A /* WHsAppTests.m in Sources */ = {isa = PBXBuildFile; fileRef = E3142652157281B000E7DC7A /* WHsAppTests.m */; };
/* End PBXBuildFile section */

/* Begin PBXContainerItemProxy section */
		E3142649157281B000E7DC7A /* PBXContainerItemProxy */ = {
			isa = PBXContainerItemProxy;
			containerPortal = E314261A157281AF00E7DC7A /* Project object */;
			proxyType = 1;
			remoteGlobalIDString = E3142622157281AF00E7DC7A;
			remoteInfo = WHsApp;
		};
/* End PBXContainerItemProxy section */

/* Begin PBXFileReference section */
		E3142623157281AF00E7DC7A /* WHsApp.app */ = {isa = PBXFileReference; explicitFileType = wrapper.application; includeInIndex = 0; path = WHsApp.app; sourceTree = BUILT_PRODUCTS_DIR; };
		E3142627157281AF00E7DC7A /* UIKit.framework */ = {isa = PBXFileReference; lastKnownFileType = wrapper.framework; name = UIKit.framework; path = System/Library/Frameworks/UIKit.framework; sourceTree = SDKROOT; };
		E3142629157281AF00E7DC7A /* Foundation.framework */ = {isa = PBXFileReference; lastKnownFileType = wrapper.framework; name = Foundation.framework; path = System/Library/Frameworks/Foundation.framework; sourceTree = SDKROOT; };
		E314262B157281AF00E7DC7A /* CoreGraphics.framework */ = {isa = PBXFileReference; lastKnownFileType = wrapper.framework; name = CoreGraphics.framework; path = System/Library/Frameworks/CoreGraphics.framework; sourceTree = SDKROOT; };
		E314262F157281AF00E7DC7A /* WHsApp-Info.plist */ = {isa = PBXFileReference; path = "WHsApp-Info.plist"; sourceTree = "<group>"; };
		E3142631157281AF00E7DC7A /* en */ = {isa = PBXFileReference; lastKnownFileType = text.plist.strings; name = en; path = en.lproj/InfoPlist.strings; sourceTree = "<group>"; };
		E3142633157281AF00E7DC7A /* main.m */ = {isa = PBXFileReference; lastKnownFileType = sourcecode.c.objc; path = main.m; sourceTree = "<group>"; };
		E3142635157281AF00E7DC7A /* WHsApp-Prefix.pch */ = {isa = PBXFileReference; path = "WHsApp-Prefix.pch"; sourceTree = "<group>"; };
		E3142636157281AF00E7DC7A /* AppDelegate.h */ = {isa = PBXFileReference; path = AppDelegate.h; sourceTree = "<group>"; };
		E3142637157281AF00E7DC7A /* AppDelegate.m */ = {isa = PBXFileReference; lastKnownFileType = sourcecode.c.objc; path = AppDelegate.m; sourceTree = "<group>"; };
		E3142639157281AF00E7DC7A /* ViewController.h */ = {isa = PBXFileReference; path = ViewController.h; sourceTree = "<group>"; };
		E314263A157281AF00E7DC7A /* ViewController.m */ = {isa = PBXFileReference; lastKnownFileType = sourcecode.c.objc; path = ViewController.m; sourceTree = "<group>"; };
		E314263D157281AF00E7DC7A /* en */ = {isa = PBXFileReference; lastKnownFileType = file.xib; name = en; path = en.lproj/ViewController.xib; sourceTree = "<group>"; };
		E3142644157281AF00E7DC7A /* WHsAppTests.octest */ = {isa = PBXFileReference; explicitFileType = wrapper.cfbundle; includeInIndex = 0; path = WHsAppTests.octest; sourceTree = BUILT_PRODUCTS_DIR; };
		E3142645157281B000E7DC7A /* SenTestingKit.framework */ = {isa = PBXFileReference; lastKnownFileType = wrapper.framework; name = SenTestingKit.framework; path = Library/Frameworks/SenTestingKit.framework; sourceTree = DEVELOPER_DIR; };
		E314264D157281B000E7DC7A /* WHsAppTests-Info.plist */ = {isa = PBXFileReference; path = "WHsAppTests-Info.plist"; sourceTree = "<group>"; };
		E314264F157281B000E7DC7A /* en */ = {isa = PBXFileReference; lastKnownFileType = text.plist.strings; name = en; path = en.lproj/InfoPlist.strings; sourceTree = "<group>"; };
		E3142651157281B000E7DC7A /* WHsAppTests.h */ = {isa = PBXFileReference; path = WHsAppTests.h; sourceTree = "<group>"; };
		E3142652157281B000E7DC7A /* WHsAppTests.m */ = {isa = PBXFileReference; lastKnownFileType = sourcecode.c.objc; path = WHsAppTests.m; sourceTree = "<group>"; };
/* End PBXFileReference section */

/* Begin PBXFrameworksBuildPhase section */
		E3142620157281AF00E7DC7A /* Frameworks */ = {
			isa = PBXFrameworksBuildPhase;
			buildActionMask = 2147483647;
			files = (
				E3142628157281AF00E7DC7A /* UIKit.framework in Frameworks */,
				E314262A157281AF00E7DC7A /* Foundation.framework in Frameworks */,
				E314262C157281AF00E7DC7A /* CoreGraphics.framework in Frameworks */,
			);
			runOnlyForDeploymentPostprocessing = 0;
		};
		E3142640157281AF00E7DC7A /* Frameworks */ = {
			isa = PBXFrameworksBuildPhase;
			buildActionMask = 2147483647;
			files = (
				E3142646157281B000E7DC7A /* SenTestingKit.framework in Frameworks */,
				E3142647157281B000E7DC7A /* UIKit.framework in Frameworks */,
				E3142648157281B000E7DC7A /* Foundation.framework in Frameworks */,
			);
			runOnlyForDeploymentPostprocessing = 0;
		};
/* End PBXFrameworksBuildPhase section */

/* Begin PBXGroup section */
		E3142618157281AF00E7DC7A = {
			isa = PBXGroup;
			children = (
				E314262D157281AF00E7DC7A /* WHsApp */,
				E314264B157281B000E7DC7A /* WHsAppTests */,
				E3142626157281AF00E7DC7A /* Frameworks */,
				E3142624157281AF00E7DC7A /* Products */,
			);
			sourceTree = "<group>";
		};
		E3142624157281AF00E7DC7A /* Products */ = {
			isa = PBXGroup;
			children = (
				E3142623157281AF00E7DC7A /* WHsApp.app */,
				E3142644157281AF00E7DC7A /* WHsAppTests.octest */,
			);
			name = Products;
			sourceTree = "<group>";
		};
		E3142626157281AF00E7DC7A /* Frameworks */ = {
			isa = PBXGroup;
			children = (
				E3142627157281AF00E7DC7A /* UIKit.framework */,
				E3142629157281AF00E7DC7A /* Foundation.framework */,
				E314262B157281AF00E7DC7A /* CoreGraphics.framework */,
				E3142645157281B000E7DC7A /* SenTestingKit.framework */,
			);
			name = Frameworks;
			sourceTree = "<group>";
		};
		E314262D157281AF00E7DC7A /* WHsApp */ = {
			isa = PBXGroup;
			children = (
				E3142636157281AF00E7DC7A /* AppDelegate.h */,
				E3142637157281AF00E7DC7A /* AppDelegate.m */,
				E3142639157281AF00E7DC7A /* ViewController.h */,
				E314263A157281AF00E7DC7A /* ViewController.m */,
				E314263C157281AF00E7DC7A /* ViewController.xib */,
				E314262E157281AF00E7DC7A /* Supporting Files */,
			);
			path = WHsApp;
			sourceTree = "<group>";
		};
		E314262E157281AF00E7DC7A /* Supporting Files */ = {
			isa = PBXGroup;
			children = (
				E314262F157281AF00E7DC7A /* WHsApp-Info.plist */,
				E3142630157281AF00E7DC7A /* InfoPlist.strings */,
				E3142633157281AF00E7DC7A /* main.m */,
				E3142635157281AF00E7DC7A /* WHsApp-Prefix.pch */,
			);
			name = "Supporting Files";
			sourceTree = "<group>";
		};
		E314264B157281B000E7DC7A /* WHsAppTests */ = {
			isa = PBXGroup;
			children = (
				E3142651157281B000E7DC7A /* WHsAppTests.h */,
				E3142652157281B000E7DC7A /* WHsAppTests.m */,
				E314264C157281B000E7DC7A /* Supporting Files */,
			);
			path = WHsAppTests;
			sourceTree = "<group>";
		};
		E314264C157281B000E7DC7A /* Supporting Files */ = {
			isa = PBXGroup;
			children = (
				E314264D157281B000E7DC7A /* WHsAppTests-Info.plist */,
				E314264E157281B000E7DC7A /* InfoPlist.strings */,
			);
			name = "Supporting Files";
			sourceTree = "<group>";
		};
/* End PBXGroup section */

/* Begin PBXNativeTarget section */
		E3142622157281AF00E7DC7A /* WHsApp */ = {
			isa = PBXNativeTarget;
			buildConfigurationList = E3142656157281B000E7DC7A /* Build configuration list for PBXNativeTarget "WHsApp" */;
			buildPhases = (
				E314261F157281AF00E7DC7A /* Sources */,
				E3142620157281AF00E7DC7A /* Frameworks */,
				E3142621157281AF00E7DC7A /* Resources */,
			);
			buildRules = (
			);
			dependencies = (
			);
			name = WHsApp;
			productName = WHsApp;
			productReference = E3142623157281AF00E7DC7A /* WHsApp.app */;
			productType = "com.apple.product-type.application";
		};
		E3142643157281AF00E7DC7A /* WHsAppTests */ = {
			isa = PBXNativeTarget;
			buildConfigurationList = E3142659157281B000E7DC7A /* Build configuration list for PBXNativeTarget "WHsAppTests" */;
			buildPhases = (
				E314263F157281AF00E7DC7A /* Sources */,
				E3142640157281AF00E7DC7A /* Frameworks */,
				E3142641157281AF00E7DC7A /* Resources */,
				E3142642157281AF00E7DC7A /* ShellScript */,
			);
			buildRules = (
			);
			dependencies = (
				E314264A157281B000E7DC7A /* PBXTargetDependency */,
			);
			name = WHsAppTests;
			productName = WHsAppTests;
			productReference = E3142644157281AF00E7DC7A /* WHsAppTests.octest */;
			productType = "com.apple.product-type.bundle";
		};
/* End PBXNativeTarget section */

/* Begin PBXProject section */
		E314261A157281AF00E7DC7A /* Project object */ = {
			isa = PBXProject;
			attributes = {
				LastUpgradeCheck = 0420;
				ORGANIZATIONNAME = PhoneSoul;
			};
			buildConfigurationList = E314261D157281AF00E7DC7A /* Build configuration list for PBXProject "WHsApp" */;
			compatibilityVersion = "Xcode 3.2";
			developmentRegion = English;
			hasScannedForEncodings = 0;
			knownRegions = (
				en,
			);
			mainGroup = E3142618157281AF00E7DC7A;
			productRefGroup = E3142624157281AF00E7DC7A /* Products */;
			projectDirPath = "";
			projectRoot = "";
			targets = (
				E3142622157281AF00E7DC7A /* WHsApp */,
				E3142643157281AF00E7DC7A /* WHsAppTests */,
			);
		};
/* End PBXProject section */

/* Begin PBXResourcesBuildPhase section */
		E3142621157281AF00E7DC7A /* Resources */ = {
			isa = PBXResourcesBuildPhase;
			buildActionMask = 2147483647;
			files = (
				E3142632157281AF00E7DC7A /* InfoPlist.strings in Resources */,
				E314263E157281AF00E7DC7A /* ViewController.xib in Resources */,
			);
			runOnlyForDeploymentPostprocessing = 0;
		};
		E3142641157281AF00E7DC7A /* Resources */ = {
			isa = PBXResourcesBuildPhase;
			buildActionMask = 2147483647;
			files = (
				E3142650157281B000E7DC7A /* InfoPlist.strings in Resources */,
			);
			runOnlyForDeploymentPostprocessing = 0;
		};
/* End PBXResourcesBuildPhase section */

/* Begin PBXShellScriptBuildPhase section */
		E3142642157281AF00E7DC7A /* ShellScript */ = {
			isa = PBXShellScriptBuildPhase;
			buildActionMask = 2147483647;
			files = (
			);
			inputPaths = (
			);
			outputPaths = (
			);
			runOnlyForDeploymentPostprocessing = 0;
			shellPath = /bin/sh;
			shellScript = "# Run the unit tests in this test bundle.\n\"${SYSTEM_DEVELOPER_DIR}/Tools/RunUnitTests\"\n";
		};
/* End PBXShellScriptBuildPhase section */

/* Begin PBXSourcesBuildPhase section */
		E314261F157281AF00E7DC7A /* Sources */ = {
			isa = PBXSourcesBuildPhase;
			buildActionMask = 2147483647;
			files = (
				E3142634157281AF00E7DC7A /* main.m in Sources */,
				E3142638157281AF00E7DC7A /* AppDelegate.m in Sources */,
				E314263B157281AF00E7DC7A /* ViewController.m in Sources */,
			);
			runOnlyForDeploymentPostprocessing = 0;
		};
		E314263F157281AF00E7DC7A /* Sources */ = {
			isa = PBXSourcesBuildPhase;
			buildActionMask = 2147483647;
			files = (
				E3142653157281B000E7DC7A /* WHsAppTests.m in Sources */,
			);
			runOnlyForDeploymentPostprocessing = 0;
		};
/* End PBXSourcesBuildPhase section */

/* Begin PBXTargetDependency section */
		E314264A157281B000E7DC7A /* PBXTargetDependency */ = {
			isa = PBXTargetDependency;
			target = E3142622157281AF00E7DC7A /* WHsApp */;
			targetProxy = E3142649157281B000E7DC7A /* PBXContainerItemProxy */;
		};
/* End PBXTargetDependency section */

/* Begin PBXVariantGroup section */
		E3142630157281AF00E7DC7A /* InfoPlist.strings */ = {
			isa = PBXVariantGroup;
			children = (
				E3142631157281AF00E7DC7A /* en */,
			);
			name = InfoPlist.strings;
			sourceTree = "<group>";
		};
		E314263C157281AF00E7DC7A /* ViewController.xib */ = {
			isa = PBXVariantGroup;
			children = (
				E314263D157281AF00E7DC7A /* en */,
			);
			name = ViewController.xib;
			sourceTree = "<group>";
		};
		E314264E157281B000E7DC7A /* InfoPlist.strings */ = {
			isa = PBXVariantGroup;
			children = (
				E314264F157281B000E7DC7A /* en */,
			);
			name = InfoPlist.strings;
			sourceTree = "<group>";
		};
/* End PBXVariantGroup section */

/* Begin XCBuildConfiguration section */
		E3142654157281B000E7DC7A /* Debug */ = {
			isa = XCBuildConfiguration;
			buildSettings = {
				ALWAYS_SEARCH_USER_PATHS = NO;
				ARCHS = "$(ARCHS_STANDARD_32_BIT)";
				CLANG_ENABLE_OBJC_ARC = YES;
				"CODE_SIGN_IDENTITY[sdk=iphoneos*]" = "iPhone Developer";
				COPY_PHASE_STRIP = NO;
				GCC_C_LANGUAGE_STANDARD = gnu99;
				GCC_DYNAMIC_NO_PIC = NO;
				GCC_OPTIMIZATION_LEVEL = 0;
				GCC_PREPROCESSOR_DEFINITIONS = (
					"DEBUG=1",
					"$(inherited)",
				);
				GCC_SYMBOLS_PRIVATE_EXTERN = NO;
				GCC_VERSION = com.apple.compilers.llvm.clang.1_0;
				GCC_WARN_ABOUT_MISSING_PROTOTYPES = YES;
				GCC_WARN_ABOUT_RETURN_TYPE = YES;
				GCC_WARN_UNUSED_VARIABLE = YES;
				IPHONEOS_DEPLOYMENT_TARGET = 5.0;
				SDKROOT = iphoneos;
			};
			name = Debug;
		};
		E3142655157281B000E7DC7A /* Release */ = {
			isa = XCBuildConfiguration;
			buildSettings = {
				ALWAYS_SEARCH_USER_PATHS = NO;
				ARCHS = "$(ARCHS_STANDARD_32_BIT)";
				CLANG_ENABLE_OBJC_ARC = YES;
				"CODE_SIGN_IDENTITY[sdk=iphoneos*]" = "iPhone Developer";
				COPY_PHASE_STRIP = YES;
				GCC_C_LANGUAGE_STANDARD = gnu99;
				GCC_VERSION = com.apple.compilers.llvm.clang.1_0;
				GCC_WARN_ABOUT_MISSING_PROTOTYPES = YES;
				GCC_WARN_ABOUT_RETURN_TYPE = YES;
				GCC_WARN_UNUSED_VARIABLE = YES;
				IPHONEOS_DEPLOYMENT_TARGET = 5.0;
				OTHER_CFLAGS = "-DNS_BLOCK_ASSERTIONS=1";
				SDKROOT = iphoneos;
				VALIDATE_PRODUCT = YES;
			};
			name = Release;
		};
		E3142657157281B000E7DC7A /* Debug */ = {
			isa = XCBuildConfiguration;
			buildSettings = {
				GCC_PRECOMPILE_PREFIX_HEADER = YES;
				GCC_PREFIX_HEADER = "WHsApp/WHsApp-Prefix.pch";
				INFOPLIST_FILE = "WHsApp/WHsApp-Info.plist";
				PRODUCT_NAME = "$(TARGET_NAME)";
				WRAPPER_EXTENSION = app;
			};
			name = Debug;
		};
		E3142658157281B000E7DC7A /* Release */ = {
			isa = XCBuildConfiguration;
			buildSettings = {
				GCC_PRECOMPILE_PREFIX_HEADER = YES;
				GCC_PREFIX_HEADER = "WHsApp/WHsApp-Prefix.pch";
				INFOPLIST_FILE = "WHsApp/WHsApp-Info.plist";
				PRODUCT_NAME = "$(TARGET_NAME)";
				WRAPPER_EXTENSION = app;
			};
			name = Release;
		};
		E314265A157281B000E7DC7A /* Debug */ = {
			isa = XCBuildConfiguration;
			buildSettings = {
				BUNDLE_LOADER = "$(BUILT_PRODUCTS_DIR)/WHsApp.app/WHsApp";
				FRAMEWORK_SEARCH_PATHS = (
					"$(SDKROOT)/Developer/Library/Frameworks",
					"$(DEVELOPER_LIBRARY_DIR)/Frameworks",
				);
				GCC_PRECOMPILE_PREFIX_HEADER = YES;
				GCC_PREFIX_HEADER = "WHsApp/WHsApp-Prefix.pch";
				INFOPLIST_FILE = "WHsAppTests/WHsAppTests-Info.plist";
				PRODUCT_NAME = "$(TARGET_NAME)";
				TEST_HOST = "$(BUNDLE_LOADER)";
				WRAPPER_EXTENSION = octest;
			};
			name = Debug;
		};
		E314265B157281B000E7DC7A /* Release */ = {
			isa = XCBuildConfiguration;
			buildSettings = {
				BUNDLE_LOADER = "$(BUILT_PRODUCTS_DIR)/WHsApp.app/WHsApp";
				FRAMEWORK_SEARCH_PATHS = (
					"$(SDKROOT)/Developer/Library/Frameworks",
					"$(DEVELOPER_LIBRARY_DIR)/Frameworks",
				);
				GCC_PRECOMPILE_PREFIX_HEADER = YES;
				GCC_PREFIX_HEADER = "WHsApp/WHsApp-Prefix.pch";
				INFOPLIST_FILE = "WHsAppTests/WHsAppTests-Info.plist";
				PRODUCT_NAME = "$(TARGET_NAME)";
				TEST_HOST = "$(BUNDLE_LOADER)";
				WRAPPER_EXTENSION = octest;
			};
			name = Release;
		};
/* End XCBuildConfiguration section */

/* Begin XCConfigurationList section */
		E314261D157281AF00E7DC7A /* Build configuration list for PBXProject "WHsApp" */ = {
			isa = XCConfigurationList;
			buildConfigurations = (
				E3142654157281B000E7DC7A /* Debug */,
				E3142655157281B000E7DC7A /* Release */,
			);
			defaultConfigurationIsVisible = 0;
			defaultConfigurationName = Release;
		};
		E3142656157281B000E7DC7A /* Build configuration list for PBXNativeTarget "WHsApp" */ = {
			isa = XCConfigurationList;
			buildConfigurations = (
				E3142657157281B000E7DC7A /* Debug */,
				E3142658157281B000E7DC7A /* Release */,
			);
			defaultConfigurationIsVisible = 0;
		};
		E3142659157281B000E7DC7A /* Build configuration list for PBXNativeTarget "WHsAppTests" */ = {
			isa = XCConfigurationList;
			buildConfigurations = (
				E314265A157281B000E7DC7A /* Debug */,
				E314265B157281B000E7DC7A /* Release */,
			);
			defaultConfigurationIsVisible = 0;
		};
/* End XCConfigurationList section */
	};
	rootObject = E314261A157281AF00E7DC7A /* Project object */;
}
